// !$*UTF8*$!
{
	archiveVersion = 1;
	classes = {
	};
	objectVersion = 56;
	objects = {

/* Begin PBXBuildFile section */
		D9F7DFDC29FE76930017677C /* UITrace202303430App.swift in Sources */ = {isa = PBXBuildFile; fileRef = D9F7DFDB29FE76930017677C /* UITrace202303430App.swift */; };
		D9F7DFDE29FE76930017677C /* ContentView.swift in Sources */ = {isa = PBXBuildFile; fileRef = D9F7DFDD29FE76930017677C /* ContentView.swift */; };
		D9F7DFE029FE76940017677C /* Assets.xcassets in Resources */ = {isa = PBXBuildFile; fileRef = D9F7DFDF29FE76940017677C /* Assets.xcassets */; };
		D9F7DFE429FE76940017677C /* Preview Assets.xcassets in Resources */ = {isa = PBXBuildFile; fileRef = D9F7DFE329FE76940017677C /* Preview Assets.xcassets */; };
		D9F7DFEE29FE76940017677C /* UITrace202303430Tests.swift in Sources */ = {isa = PBXBuildFile; fileRef = D9F7DFED29FE76940017677C /* UITrace202303430Tests.swift */; };
		D9F7DFF829FE76940017677C /* UITrace202303430UITests.swift in Sources */ = {isa = PBXBuildFile; fileRef = D9F7DFF729FE76940017677C /* UITrace202303430UITests.swift */; };
		D9F7DFFA29FE76940017677C /* UITrace202303430UITestsLaunchTests.swift in Sources */ = {isa = PBXBuildFile; fileRef = D9F7DFF929FE76940017677C /* UITrace202303430UITestsLaunchTests.swift */; };
		D9F7E00829FE76CA0017677C /* SettingsItem.swift in Sources */ = {isa = PBXBuildFile; fileRef = D9F7E00729FE76CA0017677C /* SettingsItem.swift */; };
		D9F7E00A29FE76E30017677C /* SettingsTitleLabel.swift in Sources */ = {isa = PBXBuildFile; fileRef = D9F7E00929FE76E30017677C /* SettingsTitleLabel.swift */; };
		D9F7E00C29FE79C40017677C /* SettingsPage.swift in Sources */ = {isa = PBXBuildFile; fileRef = D9F7E00B29FE79C40017677C /* SettingsPage.swift */; };
		D9F7E00E29FE97320017677C /* SubView.swift in Sources */ = {isa = PBXBuildFile; fileRef = D9F7E00D29FE97320017677C /* SubView.swift */; };
		D9F7E01129FEB44E0017677C /* Pacifico-Regular.ttf in Resources */ = {isa = PBXBuildFile; fileRef = D9F7E00F29FEAB830017677C /* Pacifico-Regular.ttf */; };
/* End PBXBuildFile section */

/* Begin PBXContainerItemProxy section */
		D9F7DFEA29FE76940017677C /* PBXContainerItemProxy */ = {
			isa = PBXContainerItemProxy;
			containerPortal = D9F7DFD029FE76930017677C /* Project object */;
			proxyType = 1;
			remoteGlobalIDString = D9F7DFD729FE76930017677C;
			remoteInfo = UITrace202303430;
		};
		D9F7DFF429FE76940017677C /* PBXContainerItemProxy */ = {
			isa = PBXContainerItemProxy;
			containerPortal = D9F7DFD029FE76930017677C /* Project object */;
			proxyType = 1;
			remoteGlobalIDString = D9F7DFD729FE76930017677C;
			remoteInfo = UITrace202303430;
		};
/* End PBXContainerItemProxy section */

/* Begin PBXFileReference section */
		D9F7DFD829FE76930017677C /* UITrace202303430.app */ = {isa = PBXFileReference; explicitFileType = wrapper.application; includeInIndex = 0; path = UITrace202303430.app; sourceTree = BUILT_PRODUCTS_DIR; };
		D9F7DFDB29FE76930017677C /* UITrace202303430App.swift */ = {isa = PBXFileReference; lastKnownFileType = sourcecode.swift; path = UITrace202303430App.swift; sourceTree = "<group>"; };
		D9F7DFDD29FE76930017677C /* ContentView.swift */ = {isa = PBXFileReference; lastKnownFileType = sourcecode.swift; path = ContentView.swift; sourceTree = "<group>"; };
		D9F7DFDF29FE76940017677C /* Assets.xcassets */ = {isa = PBXFileReference; lastKnownFileType = folder.assetcatalog; path = Assets.xcassets; sourceTree = "<group>"; };
		D9F7DFE129FE76940017677C /* UITrace202303430.entitlements */ = {isa = PBXFileReference; lastKnownFileType = text.plist.entitlements; path = UITrace202303430.entitlements; sourceTree = "<group>"; };
		D9F7DFE329FE76940017677C /* Preview Assets.xcassets */ = {isa = PBXFileReference; lastKnownFileType = folder.assetcatalog; path = "Preview Assets.xcassets"; sourceTree = "<group>"; };
		D9F7DFE929FE76940017677C /* UITrace202303430Tests.xctest */ = {isa = PBXFileReference; explicitFileType = wrapper.cfbundle; includeInIndex = 0; path = UITrace202303430Tests.xctest; sourceTree = BUILT_PRODUCTS_DIR; };
		D9F7DFED29FE76940017677C /* UITrace202303430Tests.swift */ = {isa = PBXFileReference; lastKnownFileType = sourcecode.swift; path = UITrace202303430Tests.swift; sourceTree = "<group>"; };
		D9F7DFF329FE76940017677C /* UITrace202303430UITests.xctest */ = {isa = PBXFileReference; explicitFileType = wrapper.cfbundle; includeInIndex = 0; path = UITrace202303430UITests.xctest; sourceTree = BUILT_PRODUCTS_DIR; };
		D9F7DFF729FE76940017677C /* UITrace202303430UITests.swift */ = {isa = PBXFileReference; lastKnownFileType = sourcecode.swift; path = UITrace202303430UITests.swift; sourceTree = "<group>"; };
		D9F7DFF929FE76940017677C /* UITrace202303430UITestsLaunchTests.swift */ = {isa = PBXFileReference; lastKnownFileType = sourcecode.swift; path = UITrace202303430UITestsLaunchTests.swift; sourceTree = "<group>"; };
		D9F7E00729FE76CA0017677C /* SettingsItem.swift */ = {isa = PBXFileReference; lastKnownFileType = sourcecode.swift; path = SettingsItem.swift; sourceTree = "<group>"; };
		D9F7E00929FE76E30017677C /* SettingsTitleLabel.swift */ = {isa = PBXFileReference; lastKnownFileType = sourcecode.swift; path = SettingsTitleLabel.swift; sourceTree = "<group>"; };
		D9F7E00B29FE79C40017677C /* SettingsPage.swift */ = {isa = PBXFileReference; lastKnownFileType = sourcecode.swift; path = SettingsPage.swift; sourceTree = "<group>"; };
		D9F7E00D29FE97320017677C /* SubView.swift */ = {isa = PBXFileReference; lastKnownFileType = sourcecode.swift; path = SubView.swift; sourceTree = "<group>"; };
		D9F7E00F29FEAB830017677C /* Pacifico-Regular.ttf */ = {isa = PBXFileReference; lastKnownFileType = file; path = "Pacifico-Regular.ttf"; sourceTree = "<group>"; };
		D9F7E01029FEAC200017677C /* Info.plist */ = {isa = PBXFileReference; lastKnownFileType = text.plist; path = Info.plist; sourceTree = "<group>"; };
/* End PBXFileReference section */

/* Begin PBXFrameworksBuildPhase section */
		D9F7DFD529FE76930017677C /* Frameworks */ = {
			isa = PBXFrameworksBuildPhase;
			buildActionMask = 2147483647;
			files = (
			);
			runOnlyForDeploymentPostprocessing = 0;
		};
		D9F7DFE629FE76940017677C /* Frameworks */ = {
			isa = PBXFrameworksBuildPhase;
			buildActionMask = 2147483647;
			files = (
			);
			runOnlyForDeploymentPostprocessing = 0;
		};
		D9F7DFF029FE76940017677C /* Frameworks */ = {
			isa = PBXFrameworksBuildPhase;
			buildActionMask = 2147483647;
			files = (
			);
			runOnlyForDeploymentPostprocessing = 0;
		};
/* End PBXFrameworksBuildPhase section */

/* Begin PBXGroup section */
		D9F7DFCF29FE76930017677C = {
			isa = PBXGroup;
			children = (
				D9F7DFDA29FE76930017677C /* UITrace202303430 */,
				D9F7DFEC29FE76940017677C /* UITrace202303430Tests */,
				D9F7DFF629FE76940017677C /* UITrace202303430UITests */,
				D9F7DFD929FE76930017677C /* Products */,
			);
			sourceTree = "<group>";
		};
		D9F7DFD929FE76930017677C /* Products */ = {
			isa = PBXGroup;
			children = (
				D9F7DFD829FE76930017677C /* UITrace202303430.app */,
				D9F7DFE929FE76940017677C /* UITrace202303430Tests.xctest */,
				D9F7DFF329FE76940017677C /* UITrace202303430UITests.xctest */,
			);
			name = Products;
			sourceTree = "<group>";
		};
		D9F7DFDA29FE76930017677C /* UITrace202303430 */ = {
			isa = PBXGroup;
			children = (
				D9F7E01229FEB6CF0017677C /* Assets */,
				D9F7E01029FEAC200017677C /* Info.plist */,
				D9F7E00629FE76BC0017677C /* View */,
				D9F7DFDB29FE76930017677C /* UITrace202303430App.swift */,
				D9F7DFDD29FE76930017677C /* ContentView.swift */,
				D9F7DFDF29FE76940017677C /* Assets.xcassets */,
				D9F7DFE129FE76940017677C /* UITrace202303430.entitlements */,
				D9F7DFE229FE76940017677C /* Preview Content */,
			);
			path = UITrace202303430;
			sourceTree = "<group>";
		};
		D9F7DFE229FE76940017677C /* Preview Content */ = {
			isa = PBXGroup;
			children = (
				D9F7DFE329FE76940017677C /* Preview Assets.xcassets */,
			);
			path = "Preview Content";
			sourceTree = "<group>";
		};
		D9F7DFEC29FE76940017677C /* UITrace202303430Tests */ = {
			isa = PBXGroup;
			children = (
				D9F7DFED29FE76940017677C /* UITrace202303430Tests.swift */,
			);
			path = UITrace202303430Tests;
			sourceTree = "<group>";
		};
		D9F7DFF629FE76940017677C /* UITrace202303430UITests */ = {
			isa = PBXGroup;
			children = (
				D9F7DFF729FE76940017677C /* UITrace202303430UITests.swift */,
				D9F7DFF929FE76940017677C /* UITrace202303430UITestsLaunchTests.swift */,
			);
			path = UITrace202303430UITests;
			sourceTree = "<group>";
		};
		D9F7E00629FE76BC0017677C /* View */ = {
			isa = PBXGroup;
			children = (
				D9F7E00729FE76CA0017677C /* SettingsItem.swift */,
				D9F7E00929FE76E30017677C /* SettingsTitleLabel.swift */,
				D9F7E00B29FE79C40017677C /* SettingsPage.swift */,
				D9F7E00D29FE97320017677C /* SubView.swift */,
			);
			path = View;
			sourceTree = "<group>";
		};
		D9F7E01229FEB6CF0017677C /* Assets */ = {
			isa = PBXGroup;
			children = (
				D9F7E00F29FEAB830017677C /* Pacifico-Regular.ttf */,
			);
			path = Assets;
			sourceTree = "<group>";
		};
/* End PBXGroup section */

/* Begin PBXNativeTarget section */
		D9F7DFD729FE76930017677C /* UITrace202303430 */ = {
			isa = PBXNativeTarget;
			buildConfigurationList = D9F7DFFD29FE76940017677C /* Build configuration list for PBXNativeTarget "UITrace202303430" */;
			buildPhases = (
				D9F7DFD429FE76930017677C /* Sources */,
				D9F7DFD529FE76930017677C /* Frameworks */,
				D9F7DFD629FE76930017677C /* Resources */,
			);
			buildRules = (
			);
			dependencies = (
			);
			name = UITrace202303430;
			productName = UITrace202303430;
			productReference = D9F7DFD829FE76930017677C /* UITrace202303430.app */;
			productType = "com.apple.product-type.application";
		};
		D9F7DFE829FE76940017677C /* UITrace202303430Tests */ = {
			isa = PBXNativeTarget;
			buildConfigurationList = D9F7E00029FE76940017677C /* Build configuration list for PBXNativeTarget "UITrace202303430Tests" */;
			buildPhases = (
				D9F7DFE529FE76940017677C /* Sources */,
				D9F7DFE629FE76940017677C /* Frameworks */,
				D9F7DFE729FE76940017677C /* Resources */,
			);
			buildRules = (
			);
			dependencies = (
				D9F7DFEB29FE76940017677C /* PBXTargetDependency */,
			);
			name = UITrace202303430Tests;
			productName = UITrace202303430Tests;
			productReference = D9F7DFE929FE76940017677C /* UITrace202303430Tests.xctest */;
			productType = "com.apple.product-type.bundle.unit-test";
		};
		D9F7DFF229FE76940017677C /* UITrace202303430UITests */ = {
			isa = PBXNativeTarget;
			buildConfigurationList = D9F7E00329FE76940017677C /* Build configuration list for PBXNativeTarget "UITrace202303430UITests" */;
			buildPhases = (
				D9F7DFEF29FE76940017677C /* Sources */,
				D9F7DFF029FE76940017677C /* Frameworks */,
				D9F7DFF129FE76940017677C /* Resources */,
			);
			buildRules = (
			);
			dependencies = (
				D9F7DFF529FE76940017677C /* PBXTargetDependency */,
			);
			name = UITrace202303430UITests;
			productName = UITrace202303430UITests;
			productReference = D9F7DFF329FE76940017677C /* UITrace202303430UITests.xctest */;
			productType = "com.apple.product-type.bundle.ui-testing";
		};
/* End PBXNativeTarget section */

/* Begin PBXProject section */
		D9F7DFD029FE76930017677C /* Project object */ = {
			isa = PBXProject;
			attributes = {
				BuildIndependentTargetsInParallel = 1;
				LastSwiftUpdateCheck = 1400;
				LastUpgradeCheck = 1400;
				TargetAttributes = {
					D9F7DFD729FE76930017677C = {
						CreatedOnToolsVersion = 14.0.1;
					};
					D9F7DFE829FE76940017677C = {
						CreatedOnToolsVersion = 14.0.1;
						TestTargetID = D9F7DFD729FE76930017677C;
					};
					D9F7DFF229FE76940017677C = {
						CreatedOnToolsVersion = 14.0.1;
						TestTargetID = D9F7DFD729FE76930017677C;
					};
				};
			};
			buildConfigurationList = D9F7DFD329FE76930017677C /* Build configuration list for PBXProject "UITrace202303430" */;
			compatibilityVersion = "Xcode 14.0";
			developmentRegion = en;
			hasScannedForEncodings = 0;
			knownRegions = (
				en,
				Base,
			);
			mainGroup = D9F7DFCF29FE76930017677C;
			productRefGroup = D9F7DFD929FE76930017677C /* Products */;
			projectDirPath = "";
			projectRoot = "";
			targets = (
				D9F7DFD729FE76930017677C /* UITrace202303430 */,
				D9F7DFE829FE76940017677C /* UITrace202303430Tests */,
				D9F7DFF229FE76940017677C /* UITrace202303430UITests */,
			);
		};
/* End PBXProject section */

/* Begin PBXResourcesBuildPhase section */
		D9F7DFD629FE76930017677C /* Resources */ = {
			isa = PBXResourcesBuildPhase;
			buildActionMask = 2147483647;
			files = (
				D9F7E01129FEB44E0017677C /* Pacifico-Regular.ttf in Resources */,
				D9F7DFE429FE76940017677C /* Preview Assets.xcassets in Resources */,
				D9F7DFE029FE76940017677C /* Assets.xcassets in Resources */,
			);
			runOnlyForDeploymentPostprocessing = 0;
		};
		D9F7DFE729FE76940017677C /* Resources */ = {
			isa = PBXResourcesBuildPhase;
			buildActionMask = 2147483647;
			files = (
			);
			runOnlyForDeploymentPostprocessing = 0;
		};
		D9F7DFF129FE76940017677C /* Resources */ = {
			isa = PBXResourcesBuildPhase;
			buildActionMask = 2147483647;
			files = (
			);
			runOnlyForDeploymentPostprocessing = 0;
		};
/* End PBXResourcesBuildPhase section */

/* Begin PBXSourcesBuildPhase section */
		D9F7DFD429FE76930017677C /* Sources */ = {
			isa = PBXSourcesBuildPhase;
			buildActionMask = 2147483647;
			files = (
				D9F7DFDE29FE76930017677C /* ContentView.swift in Sources */,
				D9F7DFDC29FE76930017677C /* UITrace202303430App.swift in Sources */,
				D9F7E00A29FE76E30017677C /* SettingsTitleLabel.swift in Sources */,
				D9F7E00E29FE97320017677C /* SubView.swift in Sources */,
				D9F7E00829FE76CA0017677C /* SettingsItem.swift in Sources */,
				D9F7E00C29FE79C40017677C /* SettingsPage.swift in Sources */,
			);
			runOnlyForDeploymentPostprocessing = 0;
		};
		D9F7DFE529FE76940017677C /* Sources */ = {
			isa = PBXSourcesBuildPhase;
			buildActionMask = 2147483647;
			files = (
				D9F7DFEE29FE76940017677C /* UITrace202303430Tests.swift in Sources */,
			);
			runOnlyForDeploymentPostprocessing = 0;
		};
		D9F7DFEF29FE76940017677C /* Sources */ = {
			isa = PBXSourcesBuildPhase;
			buildActionMask = 2147483647;
			files = (
				D9F7DFFA29FE76940017677C /* UITrace202303430UITestsLaunchTests.swift in Sources */,
				D9F7DFF829FE76940017677C /* UITrace202303430UITests.swift in Sources */,
			);
			runOnlyForDeploymentPostprocessing = 0;
		};
/* End PBXSourcesBuildPhase section */

/* Begin PBXTargetDependency section */
		D9F7DFEB29FE76940017677C /* PBXTargetDependency */ = {
			isa = PBXTargetDependency;
			target = D9F7DFD729FE76930017677C /* UITrace202303430 */;
			targetProxy = D9F7DFEA29FE76940017677C /* PBXContainerItemProxy */;
		};
		D9F7DFF529FE76940017677C /* PBXTargetDependency */ = {
			isa = PBXTargetDependency;
			target = D9F7DFD729FE76930017677C /* UITrace202303430 */;
			targetProxy = D9F7DFF429FE76940017677C /* PBXContainerItemProxy */;
		};
/* End PBXTargetDependency section */

/* Begin XCBuildConfiguration section */
		D9F7DFFB29FE76940017677C /* Debug */ = {
			isa = XCBuildConfiguration;
			buildSettings = {
				ALWAYS_SEARCH_USER_PATHS = NO;
				CLANG_ANALYZER_NONNULL = YES;
				CLANG_ANALYZER_NUMBER_OBJECT_CONVERSION = YES_AGGRESSIVE;
				CLANG_CXX_LANGUAGE_STANDARD = "gnu++20";
				CLANG_ENABLE_MODULES = YES;
				CLANG_ENABLE_OBJC_ARC = YES;
				CLANG_ENABLE_OBJC_WEAK = YES;
				CLANG_WARN_BLOCK_CAPTURE_AUTORELEASING = YES;
				CLANG_WARN_BOOL_CONVERSION = YES;
				CLANG_WARN_COMMA = YES;
				CLANG_WARN_CONSTANT_CONVERSION = YES;
				CLANG_WARN_DEPRECATED_OBJC_IMPLEMENTATIONS = YES;
				CLANG_WARN_DIRECT_OBJC_ISA_USAGE = YES_ERROR;
				CLANG_WARN_DOCUMENTATION_COMMENTS = YES;
				CLANG_WARN_EMPTY_BODY = YES;
				CLANG_WARN_ENUM_CONVERSION = YES;
				CLANG_WARN_INFINITE_RECURSION = YES;
				CLANG_WARN_INT_CONVERSION = YES;
				CLANG_WARN_NON_LITERAL_NULL_CONVERSION = YES;
				CLANG_WARN_OBJC_IMPLICIT_RETAIN_SELF = YES;
				CLANG_WARN_OBJC_LITERAL_CONVERSION = YES;
				CLANG_WARN_OBJC_ROOT_CLASS = YES_ERROR;
				CLANG_WARN_QUOTED_INCLUDE_IN_FRAMEWORK_HEADER = YES;
				CLANG_WARN_RANGE_LOOP_ANALYSIS = YES;
				CLANG_WARN_STRICT_PROTOTYPES = YES;
				CLANG_WARN_SUSPICIOUS_MOVE = YES;
				CLANG_WARN_UNGUARDED_AVAILABILITY = YES_AGGRESSIVE;
				CLANG_WARN_UNREACHABLE_CODE = YES;
				CLANG_WARN__DUPLICATE_METHOD_MATCH = YES;
				COPY_PHASE_STRIP = NO;
				DEBUG_INFORMATION_FORMAT = dwarf;
				ENABLE_STRICT_OBJC_MSGSEND = YES;
				ENABLE_TESTABILITY = YES;
				GCC_C_LANGUAGE_STANDARD = gnu11;
				GCC_DYNAMIC_NO_PIC = NO;
				GCC_NO_COMMON_BLOCKS = YES;
				GCC_OPTIMIZATION_LEVEL = 0;
				GCC_PREPROCESSOR_DEFINITIONS = (
					"DEBUG=1",
					"$(inherited)",
				);
				GCC_WARN_64_TO_32_BIT_CONVERSION = YES;
				GCC_WARN_ABOUT_RETURN_TYPE = YES_ERROR;
				GCC_WARN_UNDECLARED_SELECTOR = YES;
				GCC_WARN_UNINITIALIZED_AUTOS = YES_AGGRESSIVE;
				GCC_WARN_UNUSED_FUNCTION = YES;
				GCC_WARN_UNUSED_VARIABLE = YES;
				MTL_ENABLE_DEBUG_INFO = INCLUDE_SOURCE;
				MTL_FAST_MATH = YES;
				ONLY_ACTIVE_ARCH = YES;
				SWIFT_ACTIVE_COMPILATION_CONDITIONS = DEBUG;
				SWIFT_OPTIMIZATION_LEVEL = "-Onone";
			};
			name = Debug;
		};
		D9F7DFFC29FE76940017677C /* Release */ = {
			isa = XCBuildConfiguration;
			buildSettings = {
				ALWAYS_SEARCH_USER_PATHS = NO;
				CLANG_ANALYZER_NONNULL = YES;
				CLANG_ANALYZER_NUMBER_OBJECT_CONVERSION = YES_AGGRESSIVE;
				CLANG_CXX_LANGUAGE_STANDARD = "gnu++20";
				CLANG_ENABLE_MODULES = YES;
				CLANG_ENABLE_OBJC_ARC = YES;
				CLANG_ENABLE_OBJC_WEAK = YES;
				CLANG_WARN_BLOCK_CAPTURE_AUTORELEASING = YES;
				CLANG_WARN_BOOL_CONVERSION = YES;
				CLANG_WARN_COMMA = YES;
				CLANG_WARN_CONSTANT_CONVERSION = YES;
				CLANG_WARN_DEPRECATED_OBJC_IMPLEMENTATIONS = YES;
				CLANG_WARN_DIRECT_OBJC_ISA_USAGE = YES_ERROR;
				CLANG_WARN_DOCUMENTATION_COMMENTS = YES;
				CLANG_WARN_EMPTY_BODY = YES;
				CLANG_WARN_ENUM_CONVERSION = YES;
				CLANG_WARN_INFINITE_RECURSION = YES;
				CLANG_WARN_INT_CONVERSION = YES;
				CLANG_WARN_NON_LITERAL_NULL_CONVERSION = YES;
				CLANG_WARN_OBJC_IMPLICIT_RETAIN_SELF = YES;
				CLANG_WARN_OBJC_LITERAL_CONVERSION = YES;
				CLANG_WARN_OBJC_ROOT_CLASS = YES_ERROR;
				CLANG_WARN_QUOTED_INCLUDE_IN_FRAMEWORK_HEADER = YES;
				CLANG_WARN_RANGE_LOOP_ANALYSIS = YES;
				CLANG_WARN_STRICT_PROTOTYPES = YES;
				CLANG_WARN_SUSPICIOUS_MOVE = YES;
				CLANG_WARN_UNGUARDED_AVAILABILITY = YES_AGGRESSIVE;
				CLANG_WARN_UNREACHABLE_CODE = YES;
				CLANG_WARN__DUPLICATE_METHOD_MATCH = YES;
				COPY_PHASE_STRIP = NO;
				DEBUG_INFORMATION_FORMAT = "dwarf-with-dsym";
				ENABLE_NS_ASSERTIONS = NO;
				ENABLE_STRICT_OBJC_MSGSEND = YES;
				GCC_C_LANGUAGE_STANDARD = gnu11;
				GCC_NO_COMMON_BLOCKS = YES;
				GCC_WARN_64_TO_32_BIT_CONVERSION = YES;
				GCC_WARN_ABOUT_RETURN_TYPE = YES_ERROR;
				GCC_WARN_UNDECLARED_SELECTOR = YES;
				GCC_WARN_UNINITIALIZED_AUTOS = YES_AGGRESSIVE;
				GCC_WARN_UNUSED_FUNCTION = YES;
				GCC_WARN_UNUSED_VARIABLE = YES;
				MTL_ENABLE_DEBUG_INFO = NO;
				MTL_FAST_MATH = YES;
				SWIFT_COMPILATION_MODE = wholemodule;
				SWIFT_OPTIMIZATION_LEVEL = "-O";
			};
			name = Release;
		};
		D9F7DFFE29FE76940017677C /* Debug */ = {
			isa = XCBuildConfiguration;
			buildSettings = {
				ASSETCATALOG_COMPILER_APPICON_NAME = AppIcon;
				ASSETCATALOG_COMPILER_GLOBAL_ACCENT_COLOR_NAME = AccentColor;
				CODE_SIGN_ENTITLEMENTS = UITrace202303430/UITrace202303430.entitlements;
				CODE_SIGN_STYLE = Automatic;
				CURRENT_PROJECT_VERSION = 1;
				DEVELOPMENT_ASSET_PATHS = "\"UITrace202303430/Preview Content\"";
				ENABLE_PREVIEWS = YES;
				GENERATE_INFOPLIST_FILE = YES;
				INFOPLIST_FILE = UITrace202303430/Info.plist;
				"INFOPLIST_KEY_UIApplicationSceneManifest_Generation[sdk=iphoneos*]" = YES;
				"INFOPLIST_KEY_UIApplicationSceneManifest_Generation[sdk=iphonesimulator*]" = YES;
				"INFOPLIST_KEY_UIApplicationSupportsIndirectInputEvents[sdk=iphoneos*]" = YES;
				"INFOPLIST_KEY_UIApplicationSupportsIndirectInputEvents[sdk=iphonesimulator*]" = YES;
				"INFOPLIST_KEY_UILaunchScreen_Generation[sdk=iphoneos*]" = YES;
				"INFOPLIST_KEY_UILaunchScreen_Generation[sdk=iphonesimulator*]" = YES;
				"INFOPLIST_KEY_UIStatusBarStyle[sdk=iphoneos*]" = UIStatusBarStyleDefault;
				"INFOPLIST_KEY_UIStatusBarStyle[sdk=iphonesimulator*]" = UIStatusBarStyleDefault;
				INFOPLIST_KEY_UISupportedInterfaceOrientations_iPad = "UIInterfaceOrientationPortrait UIInterfaceOrientationPortraitUpsideDown UIInterfaceOrientationLandscapeLeft UIInterfaceOrientationLandscapeRight";
				INFOPLIST_KEY_UISupportedInterfaceOrientations_iPhone = "UIInterfaceOrientationPortrait UIInterfaceOrientationLandscapeLeft UIInterfaceOrientationLandscapeRight";
				IPHONEOS_DEPLOYMENT_TARGET = 16.0;
				LD_RUNPATH_SEARCH_PATHS = "@executable_path/Frameworks";
				"LD_RUNPATH_SEARCH_PATHS[sdk=macosx*]" = "@executable_path/../Frameworks";
				MACOSX_DEPLOYMENT_TARGET = 12.3;
				MARKETING_VERSION = 1.0;
				PRODUCT_BUNDLE_IDENTIFIER = test.UITrace202303430;
				PRODUCT_NAME = "$(TARGET_NAME)";
				SDKROOT = auto;
				SUPPORTED_PLATFORMS = "iphoneos iphonesimulator macosx";
				SWIFT_EMIT_LOC_STRINGS = YES;
				SWIFT_VERSION = 5.0;
				TARGETED_DEVICE_FAMILY = "1,2";
			};
			name = Debug;
		};
		D9F7DFFF29FE76940017677C /* Release */ = {
			isa = XCBuildConfiguration;
			buildSettings = {
				ASSETCATALOG_COMPILER_APPICON_NAME = AppIcon;
				ASSETCATALOG_COMPILER_GLOBAL_ACCENT_COLOR_NAME = AccentColor;
				CODE_SIGN_ENTITLEMENTS = UITrace202303430/UITrace202303430.entitlements;
				CODE_SIGN_STYLE = Automatic;
				CURRENT_PROJECT_VERSION = 1;
				DEVELOPMENT_ASSET_PATHS = "\"UITrace202303430/Preview Content\"";
				ENABLE_PREVIEWS = YES;
				GENERATE_INFOPLIST_FILE = YES;
				INFOPLIST_FILE = UITrace202303430/Info.plist;
				"INFOPLIST_KEY_UIApplicationSceneManifest_Generation[sdk=iphoneos*]" = YES;
				"INFOPLIST_KEY_UIApplicationSceneManifest_Generation[sdk=iphonesimulator*]" = YES;
				"INFOPLIST_KEY_UIApplicationSupportsIndirectInputEvents[sdk=iphoneos*]" = YES;
				"INFOPLIST_KEY_UIApplicationSupportsIndirectInputEvents[sdk=iphonesimulator*]" = YES;
				"INFOPLIST_KEY_UILaunchScreen_Generation[sdk=iphoneos*]" = YES;
				"INFOPLIST_KEY_UILaunchScreen_Generation[sdk=iphonesimulator*]" = YES;
				"INFOPLIST_KEY_UIStatusBarStyle[sdk=iphoneos*]" = UIStatusBarStyleDefault;
				"INFOPLIST_KEY_UIStatusBarStyle[sdk=iphonesimulator*]" = UIStatusBarStyleDefault;
				INFOPLIST_KEY_UISupportedInterfaceOrientations_iPad = "UIInterfaceOrientationPortrait UIInterfaceOrientationPortraitUpsideDown UIInterfaceOrientationLandscapeLeft UIInterfaceOrientationLandscapeRight";
				INFOPLIST_KEY_UISupportedInterfaceOrientations_iPhone = "UIInterfaceOrientationPortrait UIInterfaceOrientationLandscapeLeft UIInterfaceOrientationLandscapeRight";
				IPHONEOS_DEPLOYMENT_TARGET = 16.0;
				LD_RUNPATH_SEARCH_PATHS = "@executable_path/Frameworks";
				"LD_RUNPATH_SEARCH_PATHS[sdk=macosx*]" = "@executable_path/../Frameworks";
				MACOSX_DEPLOYMENT_TARGET = 12.3;
				MARKETING_VERSION = 1.0;
				PRODUCT_BUNDLE_IDENTIFIER = test.UITrace202303430;
				PRODUCT_NAME = "$(TARGET_NAME)";
				SDKROOT = auto;
				SUPPORTED_PLATFORMS = "iphoneos iphonesimulator macosx";
				SWIFT_EMIT_LOC_STRINGS = YES;
				SWIFT_VERSION = 5.0;
				TARGETED_DEVICE_FAMILY = "1,2";
			};
			name = Release;
		};
		D9F7E00129FE76940017677C /* Debug */ = {
			isa = XCBuildConfiguration;
			buildSettings = {
				ALWAYS_EMBED_SWIFT_STANDARD_LIBRARIES = YES;
				BUNDLE_LOADER = "$(TEST_HOST)";
				CODE_SIGN_STYLE = Automatic;
				CURRENT_PROJECT_VERSION = 1;
				GENERATE_INFOPLIST_FILE = YES;
				IPHONEOS_DEPLOYMENT_TARGET = 16.0;
				MACOSX_DEPLOYMENT_TARGET = 12.3;
				MARKETING_VERSION = 1.0;
				PRODUCT_BUNDLE_IDENTIFIER = test.UITrace202303430Tests;
				PRODUCT_NAME = "$(TARGET_NAME)";
				SDKROOT = auto;
				SUPPORTED_PLATFORMS = "iphoneos iphonesimulator macosx";
				SWIFT_EMIT_LOC_STRINGS = NO;
				SWIFT_VERSION = 5.0;
				TARGETED_DEVICE_FAMILY = "1,2";
				TEST_HOST = "$(BUILT_PRODUCTS_DIR)/UITrace202303430.app/$(BUNDLE_EXECUTABLE_FOLDER_PATH)/UITrace202303430";
			};
			name = Debug;
		};
		D9F7E00229FE76940017677C /* Release */ = {
			isa = XCBuildConfiguration;
			buildSettings = {
				ALWAYS_EMBED_SWIFT_STANDARD_LIBRARIES = YES;
				BUNDLE_LOADER = "$(TEST_HOST)";
				CODE_SIGN_STYLE = Automatic;
				CURRENT_PROJECT_VERSION = 1;
				GENERATE_INFOPLIST_FILE = YES;
				IPHONEOS_DEPLOYMENT_TARGET = 16.0;
				MACOSX_DEPLOYMENT_TARGET = 12.3;
				MARKETING_VERSION = 1.0;
				PRODUCT_BUNDLE_IDENTIFIER = test.UITrace202303430Tests;
				PRODUCT_NAME = "$(TARGET_NAME)";
				SDKROOT = auto;
				SUPPORTED_PLATFORMS = "iphoneos iphonesimulator macosx";
				SWIFT_EMIT_LOC_STRINGS = NO;
				SWIFT_VERSION = 5.0;
				TARGETED_DEVICE_FAMILY = "1,2";
				TEST_HOST = "$(BUILT_PRODUCTS_DIR)/UITrace202303430.app/$(BUNDLE_EXECUTABLE_FOLDER_PATH)/UITrace202303430";
			};
			name = Release;
		};
		D9F7E00429FE76940017677C /* Debug */ = {
			isa = XCBuildConfiguration;
			buildSettings = {
				ALWAYS_EMBED_SWIFT_STANDARD_LIBRARIES = YES;
				CODE_SIGN_STYLE = Automatic;
				CURRENT_PROJECT_VERSION = 1;
				GENERATE_INFOPLIST_FILE = YES;
				IPHONEOS_DEPLOYMENT_TARGET = 16.0;
				MACOSX_DEPLOYMENT_TARGET = 12.3;
				MARKETING_VERSION = 1.0;
				PRODUCT_BUNDLE_IDENTIFIER = test.UITrace202303430UITests;
				PRODUCT_NAME = "$(TARGET_NAME)";
				SDKROOT = auto;
				SUPPORTED_PLATFORMS = "iphoneos iphonesimulator macosx";
				SWIFT_EMIT_LOC_STRINGS = NO;
				SWIFT_VERSION = 5.0;
				TARGETED_DEVICE_FAMILY = "1,2";
				TEST_TARGET_NAME = UITrace202303430;
			};
			name = Debug;
		};
		D9F7E00529FE76940017677C /* Release */ = {
			isa = XCBuildConfiguration;
			buildSettings = {
				ALWAYS_EMBED_SWIFT_STANDARD_LIBRARIES = YES;
				CODE_SIGN_STYLE = Automatic;
				CURRENT_PROJECT_VERSION = 1;
				GENERATE_INFOPLIST_FILE = YES;
				IPHONEOS_DEPLOYMENT_TARGET = 16.0;
				MACOSX_DEPLOYMENT_TARGET = 12.3;
				MARKETING_VERSION = 1.0;
				PRODUCT_BUNDLE_IDENTIFIER = test.UITrace202303430UITests;
				PRODUCT_NAME = "$(TARGET_NAME)";
				SDKROOT = auto;
				SUPPORTED_PLATFORMS = "iphoneos iphonesimulator macosx";
				SWIFT_EMIT_LOC_STRINGS = NO;
				SWIFT_VERSION = 5.0;
				TARGETED_DEVICE_FAMILY = "1,2";
				TEST_TARGET_NAME = UITrace202303430;
			};
			name = Release;
		};
/* End XCBuildConfiguration section */

/* Begin XCConfigurationList section */
		D9F7DFD329FE76930017677C /* Build configuration list for PBXProject "UITrace202303430" */ = {
			isa = XCConfigurationList;
			buildConfigurations = (
				D9F7DFFB29FE76940017677C /* Debug */,
				D9F7DFFC29FE76940017677C /* Release */,
			);
			defaultConfigurationIsVisible = 0;
			defaultConfigurationName = Release;
		};
		D9F7DFFD29FE76940017677C /* Build configuration list for PBXNativeTarget "UITrace202303430" */ = {
			isa = XCConfigurationList;
			buildConfigurations = (
				D9F7DFFE29FE76940017677C /* Debug */,
				D9F7DFFF29FE76940017677C /* Release */,
			);
			defaultConfigurationIsVisible = 0;
			defaultConfigurationName = Release;
		};
		D9F7E00029FE76940017677C /* Build configuration list for PBXNativeTarget "UITrace202303430Tests" */ = {
			isa = XCConfigurationList;
			buildConfigurations = (
				D9F7E00129FE76940017677C /* Debug */,
				D9F7E00229FE76940017677C /* Release */,
			);
			defaultConfigurationIsVisible = 0;
			defaultConfigurationName = Release;
		};
		D9F7E00329FE76940017677C /* Build configuration list for PBXNativeTarget "UITrace202303430UITests" */ = {
			isa = XCConfigurationList;
			buildConfigurations = (
				D9F7E00429FE76940017677C /* Debug */,
				D9F7E00529FE76940017677C /* Release */,
			);
			defaultConfigurationIsVisible = 0;
			defaultConfigurationName = Release;
		};
/* End XCConfigurationList section */
	};
	rootObject = D9F7DFD029FE76930017677C /* Project object */;
}
