// !$*UTF8*$!
{
	archiveVersion = 1;
	classes = {
	};
	objectVersion = 56;
	objects = {

/* Begin PBXBuildFile section */
		D9C0F7E229950BA100A19F73 /* UITrace20230209App.swift in Sources */ = {isa = PBXBuildFile; fileRef = D9C0F7E129950BA100A19F73 /* UITrace20230209App.swift */; };
		D9C0F7E429950BA100A19F73 /* ContentView.swift in Sources */ = {isa = PBXBuildFile; fileRef = D9C0F7E329950BA100A19F73 /* ContentView.swift */; };
		D9C0F7E629950BA200A19F73 /* Assets.xcassets in Resources */ = {isa = PBXBuildFile; fileRef = D9C0F7E529950BA200A19F73 /* Assets.xcassets */; };
		D9C0F7EA29950BA200A19F73 /* Preview Assets.xcassets in Resources */ = {isa = PBXBuildFile; fileRef = D9C0F7E929950BA200A19F73 /* Preview Assets.xcassets */; };
		D9C0F7F429950BA200A19F73 /* UITrace20230209Tests.swift in Sources */ = {isa = PBXBuildFile; fileRef = D9C0F7F329950BA200A19F73 /* UITrace20230209Tests.swift */; };
		D9C0F7FE29950BA200A19F73 /* UITrace20230209UITests.swift in Sources */ = {isa = PBXBuildFile; fileRef = D9C0F7FD29950BA200A19F73 /* UITrace20230209UITests.swift */; };
		D9C0F80029950BA200A19F73 /* UITrace20230209UITestsLaunchTests.swift in Sources */ = {isa = PBXBuildFile; fileRef = D9C0F7FF29950BA200A19F73 /* UITrace20230209UITestsLaunchTests.swift */; };
/* End PBXBuildFile section */

/* Begin PBXContainerItemProxy section */
		D9C0F7F029950BA200A19F73 /* PBXContainerItemProxy */ = {
			isa = PBXContainerItemProxy;
			containerPortal = D9C0F7D629950BA100A19F73 /* Project object */;
			proxyType = 1;
			remoteGlobalIDString = D9C0F7DD29950BA100A19F73;
			remoteInfo = UITrace20230209;
		};
		D9C0F7FA29950BA200A19F73 /* PBXContainerItemProxy */ = {
			isa = PBXContainerItemProxy;
			containerPortal = D9C0F7D629950BA100A19F73 /* Project object */;
			proxyType = 1;
			remoteGlobalIDString = D9C0F7DD29950BA100A19F73;
			remoteInfo = UITrace20230209;
		};
/* End PBXContainerItemProxy section */

/* Begin PBXFileReference section */
		D9C0F7DE29950BA100A19F73 /* UITrace20230209.app */ = {isa = PBXFileReference; explicitFileType = wrapper.application; includeInIndex = 0; path = UITrace20230209.app; sourceTree = BUILT_PRODUCTS_DIR; };
		D9C0F7E129950BA100A19F73 /* UITrace20230209App.swift */ = {isa = PBXFileReference; lastKnownFileType = sourcecode.swift; path = UITrace20230209App.swift; sourceTree = "<group>"; };
		D9C0F7E329950BA100A19F73 /* ContentView.swift */ = {isa = PBXFileReference; lastKnownFileType = sourcecode.swift; path = ContentView.swift; sourceTree = "<group>"; };
		D9C0F7E529950BA200A19F73 /* Assets.xcassets */ = {isa = PBXFileReference; lastKnownFileType = folder.assetcatalog; path = Assets.xcassets; sourceTree = "<group>"; };
		D9C0F7E729950BA200A19F73 /* UITrace20230209.entitlements */ = {isa = PBXFileReference; lastKnownFileType = text.plist.entitlements; path = UITrace20230209.entitlements; sourceTree = "<group>"; };
		D9C0F7E929950BA200A19F73 /* Preview Assets.xcassets */ = {isa = PBXFileReference; lastKnownFileType = folder.assetcatalog; path = "Preview Assets.xcassets"; sourceTree = "<group>"; };
		D9C0F7EF29950BA200A19F73 /* UITrace20230209Tests.xctest */ = {isa = PBXFileReference; explicitFileType = wrapper.cfbundle; includeInIndex = 0; path = UITrace20230209Tests.xctest; sourceTree = BUILT_PRODUCTS_DIR; };
		D9C0F7F329950BA200A19F73 /* UITrace20230209Tests.swift */ = {isa = PBXFileReference; lastKnownFileType = sourcecode.swift; path = UITrace20230209Tests.swift; sourceTree = "<group>"; };
		D9C0F7F929950BA200A19F73 /* UITrace20230209UITests.xctest */ = {isa = PBXFileReference; explicitFileType = wrapper.cfbundle; includeInIndex = 0; path = UITrace20230209UITests.xctest; sourceTree = BUILT_PRODUCTS_DIR; };
		D9C0F7FD29950BA200A19F73 /* UITrace20230209UITests.swift */ = {isa = PBXFileReference; lastKnownFileType = sourcecode.swift; path = UITrace20230209UITests.swift; sourceTree = "<group>"; };
		D9C0F7FF29950BA200A19F73 /* UITrace20230209UITestsLaunchTests.swift */ = {isa = PBXFileReference; lastKnownFileType = sourcecode.swift; path = UITrace20230209UITestsLaunchTests.swift; sourceTree = "<group>"; };
/* End PBXFileReference section */

/* Begin PBXFrameworksBuildPhase section */
		D9C0F7DB29950BA100A19F73 /* Frameworks */ = {
			isa = PBXFrameworksBuildPhase;
			buildActionMask = 2147483647;
			files = (
			);
			runOnlyForDeploymentPostprocessing = 0;
		};
		D9C0F7EC29950BA200A19F73 /* Frameworks */ = {
			isa = PBXFrameworksBuildPhase;
			buildActionMask = 2147483647;
			files = (
			);
			runOnlyForDeploymentPostprocessing = 0;
		};
		D9C0F7F629950BA200A19F73 /* Frameworks */ = {
			isa = PBXFrameworksBuildPhase;
			buildActionMask = 2147483647;
			files = (
			);
			runOnlyForDeploymentPostprocessing = 0;
		};
/* End PBXFrameworksBuildPhase section */

/* Begin PBXGroup section */
		D9C0F7D529950BA100A19F73 = {
			isa = PBXGroup;
			children = (
				D9C0F7E029950BA100A19F73 /* UITrace20230209 */,
				D9C0F7F229950BA200A19F73 /* UITrace20230209Tests */,
				D9C0F7FC29950BA200A19F73 /* UITrace20230209UITests */,
				D9C0F7DF29950BA100A19F73 /* Products */,
			);
			sourceTree = "<group>";
		};
		D9C0F7DF29950BA100A19F73 /* Products */ = {
			isa = PBXGroup;
			children = (
				D9C0F7DE29950BA100A19F73 /* UITrace20230209.app */,
				D9C0F7EF29950BA200A19F73 /* UITrace20230209Tests.xctest */,
				D9C0F7F929950BA200A19F73 /* UITrace20230209UITests.xctest */,
			);
			name = Products;
			sourceTree = "<group>";
		};
		D9C0F7E029950BA100A19F73 /* UITrace20230209 */ = {
			isa = PBXGroup;
			children = (
				D9C0F7E129950BA100A19F73 /* UITrace20230209App.swift */,
				D9C0F7E329950BA100A19F73 /* ContentView.swift */,
				D9C0F7E529950BA200A19F73 /* Assets.xcassets */,
				D9C0F7E729950BA200A19F73 /* UITrace20230209.entitlements */,
				D9C0F7E829950BA200A19F73 /* Preview Content */,
			);
			path = UITrace20230209;
			sourceTree = "<group>";
		};
		D9C0F7E829950BA200A19F73 /* Preview Content */ = {
			isa = PBXGroup;
			children = (
				D9C0F7E929950BA200A19F73 /* Preview Assets.xcassets */,
			);
			path = "Preview Content";
			sourceTree = "<group>";
		};
		D9C0F7F229950BA200A19F73 /* UITrace20230209Tests */ = {
			isa = PBXGroup;
			children = (
				D9C0F7F329950BA200A19F73 /* UITrace20230209Tests.swift */,
			);
			path = UITrace20230209Tests;
			sourceTree = "<group>";
		};
		D9C0F7FC29950BA200A19F73 /* UITrace20230209UITests */ = {
			isa = PBXGroup;
			children = (
				D9C0F7FD29950BA200A19F73 /* UITrace20230209UITests.swift */,
				D9C0F7FF29950BA200A19F73 /* UITrace20230209UITestsLaunchTests.swift */,
			);
			path = UITrace20230209UITests;
			sourceTree = "<group>";
		};
/* End PBXGroup section */

/* Begin PBXNativeTarget section */
		D9C0F7DD29950BA100A19F73 /* UITrace20230209 */ = {
			isa = PBXNativeTarget;
			buildConfigurationList = D9C0F80329950BA200A19F73 /* Build configuration list for PBXNativeTarget "UITrace20230209" */;
			buildPhases = (
				D9C0F7DA29950BA100A19F73 /* Sources */,
				D9C0F7DB29950BA100A19F73 /* Frameworks */,
				D9C0F7DC29950BA100A19F73 /* Resources */,
			);
			buildRules = (
			);
			dependencies = (
			);
			name = UITrace20230209;
			productName = UITrace20230209;
			productReference = D9C0F7DE29950BA100A19F73 /* UITrace20230209.app */;
			productType = "com.apple.product-type.application";
		};
		D9C0F7EE29950BA200A19F73 /* UITrace20230209Tests */ = {
			isa = PBXNativeTarget;
			buildConfigurationList = D9C0F80629950BA200A19F73 /* Build configuration list for PBXNativeTarget "UITrace20230209Tests" */;
			buildPhases = (
				D9C0F7EB29950BA200A19F73 /* Sources */,
				D9C0F7EC29950BA200A19F73 /* Frameworks */,
				D9C0F7ED29950BA200A19F73 /* Resources */,
			);
			buildRules = (
			);
			dependencies = (
				D9C0F7F129950BA200A19F73 /* PBXTargetDependency */,
			);
			name = UITrace20230209Tests;
			productName = UITrace20230209Tests;
			productReference = D9C0F7EF29950BA200A19F73 /* UITrace20230209Tests.xctest */;
			productType = "com.apple.product-type.bundle.unit-test";
		};
		D9C0F7F829950BA200A19F73 /* UITrace20230209UITests */ = {
			isa = PBXNativeTarget;
			buildConfigurationList = D9C0F80929950BA200A19F73 /* Build configuration list for PBXNativeTarget "UITrace20230209UITests" */;
			buildPhases = (
				D9C0F7F529950BA200A19F73 /* Sources */,
				D9C0F7F629950BA200A19F73 /* Frameworks */,
				D9C0F7F729950BA200A19F73 /* Resources */,
			);
			buildRules = (
			);
			dependencies = (
				D9C0F7FB29950BA200A19F73 /* PBXTargetDependency */,
			);
			name = UITrace20230209UITests;
			productName = UITrace20230209UITests;
			productReference = D9C0F7F929950BA200A19F73 /* UITrace20230209UITests.xctest */;
			productType = "com.apple.product-type.bundle.ui-testing";
		};
/* End PBXNativeTarget section */

/* Begin PBXProject section */
		D9C0F7D629950BA100A19F73 /* Project object */ = {
			isa = PBXProject;
			attributes = {
				BuildIndependentTargetsInParallel = 1;
				LastSwiftUpdateCheck = 1400;
				LastUpgradeCheck = 1400;
				TargetAttributes = {
					D9C0F7DD29950BA100A19F73 = {
						CreatedOnToolsVersion = 14.0.1;
					};
					D9C0F7EE29950BA200A19F73 = {
						CreatedOnToolsVersion = 14.0.1;
						TestTargetID = D9C0F7DD29950BA100A19F73;
					};
					D9C0F7F829950BA200A19F73 = {
						CreatedOnToolsVersion = 14.0.1;
						TestTargetID = D9C0F7DD29950BA100A19F73;
					};
				};
			};
			buildConfigurationList = D9C0F7D929950BA100A19F73 /* Build configuration list for PBXProject "UITrace20230209" */;
			compatibilityVersion = "Xcode 14.0";
			developmentRegion = en;
			hasScannedForEncodings = 0;
			knownRegions = (
				en,
				Base,
			);
			mainGroup = D9C0F7D529950BA100A19F73;
			productRefGroup = D9C0F7DF29950BA100A19F73 /* Products */;
			projectDirPath = "";
			projectRoot = "";
			targets = (
				D9C0F7DD29950BA100A19F73 /* UITrace20230209 */,
				D9C0F7EE29950BA200A19F73 /* UITrace20230209Tests */,
				D9C0F7F829950BA200A19F73 /* UITrace20230209UITests */,
			);
		};
/* End PBXProject section */

/* Begin PBXResourcesBuildPhase section */
		D9C0F7DC29950BA100A19F73 /* Resources */ = {
			isa = PBXResourcesBuildPhase;
			buildActionMask = 2147483647;
			files = (
				D9C0F7EA29950BA200A19F73 /* Preview Assets.xcassets in Resources */,
				D9C0F7E629950BA200A19F73 /* Assets.xcassets in Resources */,
			);
			runOnlyForDeploymentPostprocessing = 0;
		};
		D9C0F7ED29950BA200A19F73 /* Resources */ = {
			isa = PBXResourcesBuildPhase;
			buildActionMask = 2147483647;
			files = (
			);
			runOnlyForDeploymentPostprocessing = 0;
		};
		D9C0F7F729950BA200A19F73 /* Resources */ = {
			isa = PBXResourcesBuildPhase;
			buildActionMask = 2147483647;
			files = (
			);
			runOnlyForDeploymentPostprocessing = 0;
		};
/* End PBXResourcesBuildPhase section */

/* Begin PBXSourcesBuildPhase section */
		D9C0F7DA29950BA100A19F73 /* Sources */ = {
			isa = PBXSourcesBuildPhase;
			buildActionMask = 2147483647;
			files = (
				D9C0F7E429950BA100A19F73 /* ContentView.swift in Sources */,
				D9C0F7E229950BA100A19F73 /* UITrace20230209App.swift in Sources */,
			);
			runOnlyForDeploymentPostprocessing = 0;
		};
		D9C0F7EB29950BA200A19F73 /* Sources */ = {
			isa = PBXSourcesBuildPhase;
			buildActionMask = 2147483647;
			files = (
				D9C0F7F429950BA200A19F73 /* UITrace20230209Tests.swift in Sources */,
			);
			runOnlyForDeploymentPostprocessing = 0;
		};
		D9C0F7F529950BA200A19F73 /* Sources */ = {
			isa = PBXSourcesBuildPhase;
			buildActionMask = 2147483647;
			files = (
				D9C0F80029950BA200A19F73 /* UITrace20230209UITestsLaunchTests.swift in Sources */,
				D9C0F7FE29950BA200A19F73 /* UITrace20230209UITests.swift in Sources */,
			);
			runOnlyForDeploymentPostprocessing = 0;
		};
/* End PBXSourcesBuildPhase section */

/* Begin PBXTargetDependency section */
		D9C0F7F129950BA200A19F73 /* PBXTargetDependency */ = {
			isa = PBXTargetDependency;
			target = D9C0F7DD29950BA100A19F73 /* UITrace20230209 */;
			targetProxy = D9C0F7F029950BA200A19F73 /* PBXContainerItemProxy */;
		};
		D9C0F7FB29950BA200A19F73 /* PBXTargetDependency */ = {
			isa = PBXTargetDependency;
			target = D9C0F7DD29950BA100A19F73 /* UITrace20230209 */;
			targetProxy = D9C0F7FA29950BA200A19F73 /* PBXContainerItemProxy */;
		};
/* End PBXTargetDependency section */

/* Begin XCBuildConfiguration section */
		D9C0F80129950BA200A19F73 /* Debug */ = {
			isa = XCBuildConfiguration;
			buildSettings = {
				ALWAYS_SEARCH_USER_PATHS = NO;
				CLANG_ANALYZER_NONNULL = YES;
				CLANG_ANALYZER_NUMBER_OBJECT_CONVERSION = YES_AGGRESSIVE;
				CLANG_CXX_LANGUAGE_STANDARD = "gnu++20";
				CLANG_ENABLE_MODULES = YES;
				CLANG_ENABLE_OBJC_ARC = YES;
				CLANG_ENABLE_OBJC_WEAK = YES;
				CLANG_WARN_BLOCK_CAPTURE_AUTORELEASING = YES;
				CLANG_WARN_BOOL_CONVERSION = YES;
				CLANG_WARN_COMMA = YES;
				CLANG_WARN_CONSTANT_CONVERSION = YES;
				CLANG_WARN_DEPRECATED_OBJC_IMPLEMENTATIONS = YES;
				CLANG_WARN_DIRECT_OBJC_ISA_USAGE = YES_ERROR;
				CLANG_WARN_DOCUMENTATION_COMMENTS = YES;
				CLANG_WARN_EMPTY_BODY = YES;
				CLANG_WARN_ENUM_CONVERSION = YES;
				CLANG_WARN_INFINITE_RECURSION = YES;
				CLANG_WARN_INT_CONVERSION = YES;
				CLANG_WARN_NON_LITERAL_NULL_CONVERSION = YES;
				CLANG_WARN_OBJC_IMPLICIT_RETAIN_SELF = YES;
				CLANG_WARN_OBJC_LITERAL_CONVERSION = YES;
				CLANG_WARN_OBJC_ROOT_CLASS = YES_ERROR;
				CLANG_WARN_QUOTED_INCLUDE_IN_FRAMEWORK_HEADER = YES;
				CLANG_WARN_RANGE_LOOP_ANALYSIS = YES;
				CLANG_WARN_STRICT_PROTOTYPES = YES;
				CLANG_WARN_SUSPICIOUS_MOVE = YES;
				CLANG_WARN_UNGUARDED_AVAILABILITY = YES_AGGRESSIVE;
				CLANG_WARN_UNREACHABLE_CODE = YES;
				CLANG_WARN__DUPLICATE_METHOD_MATCH = YES;
				COPY_PHASE_STRIP = NO;
				DEBUG_INFORMATION_FORMAT = dwarf;
				ENABLE_STRICT_OBJC_MSGSEND = YES;
				ENABLE_TESTABILITY = YES;
				GCC_C_LANGUAGE_STANDARD = gnu11;
				GCC_DYNAMIC_NO_PIC = NO;
				GCC_NO_COMMON_BLOCKS = YES;
				GCC_OPTIMIZATION_LEVEL = 0;
				GCC_PREPROCESSOR_DEFINITIONS = (
					"DEBUG=1",
					"$(inherited)",
				);
				GCC_WARN_64_TO_32_BIT_CONVERSION = YES;
				GCC_WARN_ABOUT_RETURN_TYPE = YES_ERROR;
				GCC_WARN_UNDECLARED_SELECTOR = YES;
				GCC_WARN_UNINITIALIZED_AUTOS = YES_AGGRESSIVE;
				GCC_WARN_UNUSED_FUNCTION = YES;
				GCC_WARN_UNUSED_VARIABLE = YES;
				MTL_ENABLE_DEBUG_INFO = INCLUDE_SOURCE;
				MTL_FAST_MATH = YES;
				ONLY_ACTIVE_ARCH = YES;
				SWIFT_ACTIVE_COMPILATION_CONDITIONS = DEBUG;
				SWIFT_OPTIMIZATION_LEVEL = "-Onone";
			};
			name = Debug;
		};
		D9C0F80229950BA200A19F73 /* Release */ = {
			isa = XCBuildConfiguration;
			buildSettings = {
				ALWAYS_SEARCH_USER_PATHS = NO;
				CLANG_ANALYZER_NONNULL = YES;
				CLANG_ANALYZER_NUMBER_OBJECT_CONVERSION = YES_AGGRESSIVE;
				CLANG_CXX_LANGUAGE_STANDARD = "gnu++20";
				CLANG_ENABLE_MODULES = YES;
				CLANG_ENABLE_OBJC_ARC = YES;
				CLANG_ENABLE_OBJC_WEAK = YES;
				CLANG_WARN_BLOCK_CAPTURE_AUTORELEASING = YES;
				CLANG_WARN_BOOL_CONVERSION = YES;
				CLANG_WARN_COMMA = YES;
				CLANG_WARN_CONSTANT_CONVERSION = YES;
				CLANG_WARN_DEPRECATED_OBJC_IMPLEMENTATIONS = YES;
				CLANG_WARN_DIRECT_OBJC_ISA_USAGE = YES_ERROR;
				CLANG_WARN_DOCUMENTATION_COMMENTS = YES;
				CLANG_WARN_EMPTY_BODY = YES;
				CLANG_WARN_ENUM_CONVERSION = YES;
				CLANG_WARN_INFINITE_RECURSION = YES;
				CLANG_WARN_INT_CONVERSION = YES;
				CLANG_WARN_NON_LITERAL_NULL_CONVERSION = YES;
				CLANG_WARN_OBJC_IMPLICIT_RETAIN_SELF = YES;
				CLANG_WARN_OBJC_LITERAL_CONVERSION = YES;
				CLANG_WARN_OBJC_ROOT_CLASS = YES_ERROR;
				CLANG_WARN_QUOTED_INCLUDE_IN_FRAMEWORK_HEADER = YES;
				CLANG_WARN_RANGE_LOOP_ANALYSIS = YES;
				CLANG_WARN_STRICT_PROTOTYPES = YES;
				CLANG_WARN_SUSPICIOUS_MOVE = YES;
				CLANG_WARN_UNGUARDED_AVAILABILITY = YES_AGGRESSIVE;
				CLANG_WARN_UNREACHABLE_CODE = YES;
				CLANG_WARN__DUPLICATE_METHOD_MATCH = YES;
				COPY_PHASE_STRIP = NO;
				DEBUG_INFORMATION_FORMAT = "dwarf-with-dsym";
				ENABLE_NS_ASSERTIONS = NO;
				ENABLE_STRICT_OBJC_MSGSEND = YES;
				GCC_C_LANGUAGE_STANDARD = gnu11;
				GCC_NO_COMMON_BLOCKS = YES;
				GCC_WARN_64_TO_32_BIT_CONVERSION = YES;
				GCC_WARN_ABOUT_RETURN_TYPE = YES_ERROR;
				GCC_WARN_UNDECLARED_SELECTOR = YES;
				GCC_WARN_UNINITIALIZED_AUTOS = YES_AGGRESSIVE;
				GCC_WARN_UNUSED_FUNCTION = YES;
				GCC_WARN_UNUSED_VARIABLE = YES;
				MTL_ENABLE_DEBUG_INFO = NO;
				MTL_FAST_MATH = YES;
				SWIFT_COMPILATION_MODE = wholemodule;
				SWIFT_OPTIMIZATION_LEVEL = "-O";
			};
			name = Release;
		};
		D9C0F80429950BA200A19F73 /* Debug */ = {
			isa = XCBuildConfiguration;
			buildSettings = {
				ASSETCATALOG_COMPILER_APPICON_NAME = AppIcon;
				ASSETCATALOG_COMPILER_GLOBAL_ACCENT_COLOR_NAME = AccentColor;
				CODE_SIGN_ENTITLEMENTS = UITrace20230209/UITrace20230209.entitlements;
				CODE_SIGN_STYLE = Automatic;
				CURRENT_PROJECT_VERSION = 1;
				DEVELOPMENT_ASSET_PATHS = "\"UITrace20230209/Preview Content\"";
				ENABLE_PREVIEWS = YES;
				GENERATE_INFOPLIST_FILE = YES;
				"INFOPLIST_KEY_UIApplicationSceneManifest_Generation[sdk=iphoneos*]" = YES;
				"INFOPLIST_KEY_UIApplicationSceneManifest_Generation[sdk=iphonesimulator*]" = YES;
				"INFOPLIST_KEY_UIApplicationSupportsIndirectInputEvents[sdk=iphoneos*]" = YES;
				"INFOPLIST_KEY_UIApplicationSupportsIndirectInputEvents[sdk=iphonesimulator*]" = YES;
				"INFOPLIST_KEY_UILaunchScreen_Generation[sdk=iphoneos*]" = YES;
				"INFOPLIST_KEY_UILaunchScreen_Generation[sdk=iphonesimulator*]" = YES;
				"INFOPLIST_KEY_UIStatusBarStyle[sdk=iphoneos*]" = UIStatusBarStyleDefault;
				"INFOPLIST_KEY_UIStatusBarStyle[sdk=iphonesimulator*]" = UIStatusBarStyleDefault;
				INFOPLIST_KEY_UISupportedInterfaceOrientations_iPad = "UIInterfaceOrientationPortrait UIInterfaceOrientationPortraitUpsideDown UIInterfaceOrientationLandscapeLeft UIInterfaceOrientationLandscapeRight";
				INFOPLIST_KEY_UISupportedInterfaceOrientations_iPhone = "UIInterfaceOrientationPortrait UIInterfaceOrientationLandscapeLeft UIInterfaceOrientationLandscapeRight";
				IPHONEOS_DEPLOYMENT_TARGET = 16.0;
				LD_RUNPATH_SEARCH_PATHS = "@executable_path/Frameworks";
				"LD_RUNPATH_SEARCH_PATHS[sdk=macosx*]" = "@executable_path/../Frameworks";
				MACOSX_DEPLOYMENT_TARGET = 12.3;
				MARKETING_VERSION = 1.0;
				PRODUCT_BUNDLE_IDENTIFIER = test.UITrace20230209;
				PRODUCT_NAME = "$(TARGET_NAME)";
				SDKROOT = auto;
				SUPPORTED_PLATFORMS = "iphoneos iphonesimulator macosx";
				SWIFT_EMIT_LOC_STRINGS = YES;
				SWIFT_VERSION = 5.0;
				TARGETED_DEVICE_FAMILY = "1,2";
			};
			name = Debug;
		};
		D9C0F80529950BA200A19F73 /* Release */ = {
			isa = XCBuildConfiguration;
			buildSettings = {
				ASSETCATALOG_COMPILER_APPICON_NAME = AppIcon;
				ASSETCATALOG_COMPILER_GLOBAL_ACCENT_COLOR_NAME = AccentColor;
				CODE_SIGN_ENTITLEMENTS = UITrace20230209/UITrace20230209.entitlements;
				CODE_SIGN_STYLE = Automatic;
				CURRENT_PROJECT_VERSION = 1;
				DEVELOPMENT_ASSET_PATHS = "\"UITrace20230209/Preview Content\"";
				ENABLE_PREVIEWS = YES;
				GENERATE_INFOPLIST_FILE = YES;
				"INFOPLIST_KEY_UIApplicationSceneManifest_Generation[sdk=iphoneos*]" = YES;
				"INFOPLIST_KEY_UIApplicationSceneManifest_Generation[sdk=iphonesimulator*]" = YES;
				"INFOPLIST_KEY_UIApplicationSupportsIndirectInputEvents[sdk=iphoneos*]" = YES;
				"INFOPLIST_KEY_UIApplicationSupportsIndirectInputEvents[sdk=iphonesimulator*]" = YES;
				"INFOPLIST_KEY_UILaunchScreen_Generation[sdk=iphoneos*]" = YES;
				"INFOPLIST_KEY_UILaunchScreen_Generation[sdk=iphonesimulator*]" = YES;
				"INFOPLIST_KEY_UIStatusBarStyle[sdk=iphoneos*]" = UIStatusBarStyleDefault;
				"INFOPLIST_KEY_UIStatusBarStyle[sdk=iphonesimulator*]" = UIStatusBarStyleDefault;
				INFOPLIST_KEY_UISupportedInterfaceOrientations_iPad = "UIInterfaceOrientationPortrait UIInterfaceOrientationPortraitUpsideDown UIInterfaceOrientationLandscapeLeft UIInterfaceOrientationLandscapeRight";
				INFOPLIST_KEY_UISupportedInterfaceOrientations_iPhone = "UIInterfaceOrientationPortrait UIInterfaceOrientationLandscapeLeft UIInterfaceOrientationLandscapeRight";
				IPHONEOS_DEPLOYMENT_TARGET = 16.0;
				LD_RUNPATH_SEARCH_PATHS = "@executable_path/Frameworks";
				"LD_RUNPATH_SEARCH_PATHS[sdk=macosx*]" = "@executable_path/../Frameworks";
				MACOSX_DEPLOYMENT_TARGET = 12.3;
				MARKETING_VERSION = 1.0;
				PRODUCT_BUNDLE_IDENTIFIER = test.UITrace20230209;
				PRODUCT_NAME = "$(TARGET_NAME)";
				SDKROOT = auto;
				SUPPORTED_PLATFORMS = "iphoneos iphonesimulator macosx";
				SWIFT_EMIT_LOC_STRINGS = YES;
				SWIFT_VERSION = 5.0;
				TARGETED_DEVICE_FAMILY = "1,2";
			};
			name = Release;
		};
		D9C0F80729950BA200A19F73 /* Debug */ = {
			isa = XCBuildConfiguration;
			buildSettings = {
				ALWAYS_EMBED_SWIFT_STANDARD_LIBRARIES = YES;
				BUNDLE_LOADER = "$(TEST_HOST)";
				CODE_SIGN_STYLE = Automatic;
				CURRENT_PROJECT_VERSION = 1;
				GENERATE_INFOPLIST_FILE = YES;
				IPHONEOS_DEPLOYMENT_TARGET = 16.0;
				MACOSX_DEPLOYMENT_TARGET = 12.3;
				MARKETING_VERSION = 1.0;
				PRODUCT_BUNDLE_IDENTIFIER = test.UITrace20230209Tests;
				PRODUCT_NAME = "$(TARGET_NAME)";
				SDKROOT = auto;
				SUPPORTED_PLATFORMS = "iphoneos iphonesimulator macosx";
				SWIFT_EMIT_LOC_STRINGS = NO;
				SWIFT_VERSION = 5.0;
				TARGETED_DEVICE_FAMILY = "1,2";
				TEST_HOST = "$(BUILT_PRODUCTS_DIR)/UITrace20230209.app/$(BUNDLE_EXECUTABLE_FOLDER_PATH)/UITrace20230209";
			};
			name = Debug;
		};
		D9C0F80829950BA200A19F73 /* Release */ = {
			isa = XCBuildConfiguration;
			buildSettings = {
				ALWAYS_EMBED_SWIFT_STANDARD_LIBRARIES = YES;
				BUNDLE_LOADER = "$(TEST_HOST)";
				CODE_SIGN_STYLE = Automatic;
				CURRENT_PROJECT_VERSION = 1;
				GENERATE_INFOPLIST_FILE = YES;
				IPHONEOS_DEPLOYMENT_TARGET = 16.0;
				MACOSX_DEPLOYMENT_TARGET = 12.3;
				MARKETING_VERSION = 1.0;
				PRODUCT_BUNDLE_IDENTIFIER = test.UITrace20230209Tests;
				PRODUCT_NAME = "$(TARGET_NAME)";
				SDKROOT = auto;
				SUPPORTED_PLATFORMS = "iphoneos iphonesimulator macosx";
				SWIFT_EMIT_LOC_STRINGS = NO;
				SWIFT_VERSION = 5.0;
				TARGETED_DEVICE_FAMILY = "1,2";
				TEST_HOST = "$(BUILT_PRODUCTS_DIR)/UITrace20230209.app/$(BUNDLE_EXECUTABLE_FOLDER_PATH)/UITrace20230209";
			};
			name = Release;
		};
		D9C0F80A29950BA200A19F73 /* Debug */ = {
			isa = XCBuildConfiguration;
			buildSettings = {
				ALWAYS_EMBED_SWIFT_STANDARD_LIBRARIES = YES;
				CODE_SIGN_STYLE = Automatic;
				CURRENT_PROJECT_VERSION = 1;
				GENERATE_INFOPLIST_FILE = YES;
				IPHONEOS_DEPLOYMENT_TARGET = 16.0;
				MACOSX_DEPLOYMENT_TARGET = 12.3;
				MARKETING_VERSION = 1.0;
				PRODUCT_BUNDLE_IDENTIFIER = test.UITrace20230209UITests;
				PRODUCT_NAME = "$(TARGET_NAME)";
				SDKROOT = auto;
				SUPPORTED_PLATFORMS = "iphoneos iphonesimulator macosx";
				SWIFT_EMIT_LOC_STRINGS = NO;
				SWIFT_VERSION = 5.0;
				TARGETED_DEVICE_FAMILY = "1,2";
				TEST_TARGET_NAME = UITrace20230209;
			};
			name = Debug;
		};
		D9C0F80B29950BA200A19F73 /* Release */ = {
			isa = XCBuildConfiguration;
			buildSettings = {
				ALWAYS_EMBED_SWIFT_STANDARD_LIBRARIES = YES;
				CODE_SIGN_STYLE = Automatic;
				CURRENT_PROJECT_VERSION = 1;
				GENERATE_INFOPLIST_FILE = YES;
				IPHONEOS_DEPLOYMENT_TARGET = 16.0;
				MACOSX_DEPLOYMENT_TARGET = 12.3;
				MARKETING_VERSION = 1.0;
				PRODUCT_BUNDLE_IDENTIFIER = test.UITrace20230209UITests;
				PRODUCT_NAME = "$(TARGET_NAME)";
				SDKROOT = auto;
				SUPPORTED_PLATFORMS = "iphoneos iphonesimulator macosx";
				SWIFT_EMIT_LOC_STRINGS = NO;
				SWIFT_VERSION = 5.0;
				TARGETED_DEVICE_FAMILY = "1,2";
				TEST_TARGET_NAME = UITrace20230209;
			};
			name = Release;
		};
/* End XCBuildConfiguration section */

/* Begin XCConfigurationList section */
		D9C0F7D929950BA100A19F73 /* Build configuration list for PBXProject "UITrace20230209" */ = {
			isa = XCConfigurationList;
			buildConfigurations = (
				D9C0F80129950BA200A19F73 /* Debug */,
				D9C0F80229950BA200A19F73 /* Release */,
			);
			defaultConfigurationIsVisible = 0;
			defaultConfigurationName = Release;
		};
		D9C0F80329950BA200A19F73 /* Build configuration list for PBXNativeTarget "UITrace20230209" */ = {
			isa = XCConfigurationList;
			buildConfigurations = (
				D9C0F80429950BA200A19F73 /* Debug */,
				D9C0F80529950BA200A19F73 /* Release */,
			);
			defaultConfigurationIsVisible = 0;
			defaultConfigurationName = Release;
		};
		D9C0F80629950BA200A19F73 /* Build configuration list for PBXNativeTarget "UITrace20230209Tests" */ = {
			isa = XCConfigurationList;
			buildConfigurations = (
				D9C0F80729950BA200A19F73 /* Debug */,
				D9C0F80829950BA200A19F73 /* Release */,
			);
			defaultConfigurationIsVisible = 0;
			defaultConfigurationName = Release;
		};
		D9C0F80929950BA200A19F73 /* Build configuration list for PBXNativeTarget "UITrace20230209UITests" */ = {
			isa = XCConfigurationList;
			buildConfigurations = (
				D9C0F80A29950BA200A19F73 /* Debug */,
				D9C0F80B29950BA200A19F73 /* Release */,
			);
			defaultConfigurationIsVisible = 0;
			defaultConfigurationName = Release;
		};
/* End XCConfigurationList section */
	};
	rootObject = D9C0F7D629950BA100A19F73 /* Project object */;
}
