// !$*UTF8*$!
{
	archiveVersion = 1;
	classes = {
	};
	objectVersion = 56;
	objects = {

/* Begin PBXBuildFile section */
		D9F7E02229FFE69B0017677C /* UITrace20230501App.swift in Sources */ = {isa = PBXBuildFile; fileRef = D9F7E02129FFE69B0017677C /* UITrace20230501App.swift */; };
		D9F7E02429FFE69B0017677C /* ContentView.swift in Sources */ = {isa = PBXBuildFile; fileRef = D9F7E02329FFE69B0017677C /* ContentView.swift */; };
		D9F7E02629FFE69C0017677C /* Assets.xcassets in Resources */ = {isa = PBXBuildFile; fileRef = D9F7E02529FFE69C0017677C /* Assets.xcassets */; };
		D9F7E02A29FFE69C0017677C /* Preview Assets.xcassets in Resources */ = {isa = PBXBuildFile; fileRef = D9F7E02929FFE69C0017677C /* Preview Assets.xcassets */; };
		D9F7E03429FFE69C0017677C /* UITrace20230501Tests.swift in Sources */ = {isa = PBXBuildFile; fileRef = D9F7E03329FFE69C0017677C /* UITrace20230501Tests.swift */; };
		D9F7E03E29FFE69C0017677C /* UITrace20230501UITests.swift in Sources */ = {isa = PBXBuildFile; fileRef = D9F7E03D29FFE69C0017677C /* UITrace20230501UITests.swift */; };
		D9F7E04029FFE69C0017677C /* UITrace20230501UITestsLaunchTests.swift in Sources */ = {isa = PBXBuildFile; fileRef = D9F7E03F29FFE69C0017677C /* UITrace20230501UITestsLaunchTests.swift */; };
		D9F7E05329FFE9040017677C /* TopPage.swift in Sources */ = {isa = PBXBuildFile; fileRef = D9F7E05229FFE9040017677C /* TopPage.swift */; };
/* End PBXBuildFile section */

/* Begin PBXContainerItemProxy section */
		D9F7E03029FFE69C0017677C /* PBXContainerItemProxy */ = {
			isa = PBXContainerItemProxy;
			containerPortal = D9F7E01629FFE69B0017677C /* Project object */;
			proxyType = 1;
			remoteGlobalIDString = D9F7E01D29FFE69B0017677C;
			remoteInfo = UITrace20230501;
		};
		D9F7E03A29FFE69C0017677C /* PBXContainerItemProxy */ = {
			isa = PBXContainerItemProxy;
			containerPortal = D9F7E01629FFE69B0017677C /* Project object */;
			proxyType = 1;
			remoteGlobalIDString = D9F7E01D29FFE69B0017677C;
			remoteInfo = UITrace20230501;
		};
/* End PBXContainerItemProxy section */

/* Begin PBXFileReference section */
		D9F7E01E29FFE69B0017677C /* UITrace20230501.app */ = {isa = PBXFileReference; explicitFileType = wrapper.application; includeInIndex = 0; path = UITrace20230501.app; sourceTree = BUILT_PRODUCTS_DIR; };
		D9F7E02129FFE69B0017677C /* UITrace20230501App.swift */ = {isa = PBXFileReference; lastKnownFileType = sourcecode.swift; path = UITrace20230501App.swift; sourceTree = "<group>"; };
		D9F7E02329FFE69B0017677C /* ContentView.swift */ = {isa = PBXFileReference; lastKnownFileType = sourcecode.swift; path = ContentView.swift; sourceTree = "<group>"; };
		D9F7E02529FFE69C0017677C /* Assets.xcassets */ = {isa = PBXFileReference; lastKnownFileType = folder.assetcatalog; path = Assets.xcassets; sourceTree = "<group>"; };
		D9F7E02729FFE69C0017677C /* UITrace20230501.entitlements */ = {isa = PBXFileReference; lastKnownFileType = text.plist.entitlements; path = UITrace20230501.entitlements; sourceTree = "<group>"; };
		D9F7E02929FFE69C0017677C /* Preview Assets.xcassets */ = {isa = PBXFileReference; lastKnownFileType = folder.assetcatalog; path = "Preview Assets.xcassets"; sourceTree = "<group>"; };
		D9F7E02F29FFE69C0017677C /* UITrace20230501Tests.xctest */ = {isa = PBXFileReference; explicitFileType = wrapper.cfbundle; includeInIndex = 0; path = UITrace20230501Tests.xctest; sourceTree = BUILT_PRODUCTS_DIR; };
		D9F7E03329FFE69C0017677C /* UITrace20230501Tests.swift */ = {isa = PBXFileReference; lastKnownFileType = sourcecode.swift; path = UITrace20230501Tests.swift; sourceTree = "<group>"; };
		D9F7E03929FFE69C0017677C /* UITrace20230501UITests.xctest */ = {isa = PBXFileReference; explicitFileType = wrapper.cfbundle; includeInIndex = 0; path = UITrace20230501UITests.xctest; sourceTree = BUILT_PRODUCTS_DIR; };
		D9F7E03D29FFE69C0017677C /* UITrace20230501UITests.swift */ = {isa = PBXFileReference; lastKnownFileType = sourcecode.swift; path = UITrace20230501UITests.swift; sourceTree = "<group>"; };
		D9F7E03F29FFE69C0017677C /* UITrace20230501UITestsLaunchTests.swift */ = {isa = PBXFileReference; lastKnownFileType = sourcecode.swift; path = UITrace20230501UITestsLaunchTests.swift; sourceTree = "<group>"; };
		D9F7E05229FFE9040017677C /* TopPage.swift */ = {isa = PBXFileReference; lastKnownFileType = sourcecode.swift; path = TopPage.swift; sourceTree = "<group>"; };
/* End PBXFileReference section */

/* Begin PBXFrameworksBuildPhase section */
		D9F7E01B29FFE69B0017677C /* Frameworks */ = {
			isa = PBXFrameworksBuildPhase;
			buildActionMask = 2147483647;
			files = (
			);
			runOnlyForDeploymentPostprocessing = 0;
		};
		D9F7E02C29FFE69C0017677C /* Frameworks */ = {
			isa = PBXFrameworksBuildPhase;
			buildActionMask = 2147483647;
			files = (
			);
			runOnlyForDeploymentPostprocessing = 0;
		};
		D9F7E03629FFE69C0017677C /* Frameworks */ = {
			isa = PBXFrameworksBuildPhase;
			buildActionMask = 2147483647;
			files = (
			);
			runOnlyForDeploymentPostprocessing = 0;
		};
/* End PBXFrameworksBuildPhase section */

/* Begin PBXGroup section */
		D9F7E01529FFE69B0017677C = {
			isa = PBXGroup;
			children = (
				D9F7E02029FFE69B0017677C /* UITrace20230501 */,
				D9F7E03229FFE69C0017677C /* UITrace20230501Tests */,
				D9F7E03C29FFE69C0017677C /* UITrace20230501UITests */,
				D9F7E01F29FFE69B0017677C /* Products */,
			);
			sourceTree = "<group>";
		};
		D9F7E01F29FFE69B0017677C /* Products */ = {
			isa = PBXGroup;
			children = (
				D9F7E01E29FFE69B0017677C /* UITrace20230501.app */,
				D9F7E02F29FFE69C0017677C /* UITrace20230501Tests.xctest */,
				D9F7E03929FFE69C0017677C /* UITrace20230501UITests.xctest */,
			);
			name = Products;
			sourceTree = "<group>";
		};
		D9F7E02029FFE69B0017677C /* UITrace20230501 */ = {
			isa = PBXGroup;
			children = (
				D9F7E05129FFE8E20017677C /* Views */,
				D9F7E02129FFE69B0017677C /* UITrace20230501App.swift */,
				D9F7E02329FFE69B0017677C /* ContentView.swift */,
				D9F7E02529FFE69C0017677C /* Assets.xcassets */,
				D9F7E02729FFE69C0017677C /* UITrace20230501.entitlements */,
				D9F7E02829FFE69C0017677C /* Preview Content */,
			);
			path = UITrace20230501;
			sourceTree = "<group>";
		};
		D9F7E02829FFE69C0017677C /* Preview Content */ = {
			isa = PBXGroup;
			children = (
				D9F7E02929FFE69C0017677C /* Preview Assets.xcassets */,
			);
			path = "Preview Content";
			sourceTree = "<group>";
		};
		D9F7E03229FFE69C0017677C /* UITrace20230501Tests */ = {
			isa = PBXGroup;
			children = (
				D9F7E03329FFE69C0017677C /* UITrace20230501Tests.swift */,
			);
			path = UITrace20230501Tests;
			sourceTree = "<group>";
		};
		D9F7E03C29FFE69C0017677C /* UITrace20230501UITests */ = {
			isa = PBXGroup;
			children = (
				D9F7E03D29FFE69C0017677C /* UITrace20230501UITests.swift */,
				D9F7E03F29FFE69C0017677C /* UITrace20230501UITestsLaunchTests.swift */,
			);
			path = UITrace20230501UITests;
			sourceTree = "<group>";
		};
		D9F7E05129FFE8E20017677C /* Views */ = {
			isa = PBXGroup;
			children = (
				D9F7E05229FFE9040017677C /* TopPage.swift */,
			);
			path = Views;
			sourceTree = "<group>";
		};
/* End PBXGroup section */

/* Begin PBXNativeTarget section */
		D9F7E01D29FFE69B0017677C /* UITrace20230501 */ = {
			isa = PBXNativeTarget;
			buildConfigurationList = D9F7E04329FFE69C0017677C /* Build configuration list for PBXNativeTarget "UITrace20230501" */;
			buildPhases = (
				D9F7E01A29FFE69B0017677C /* Sources */,
				D9F7E01B29FFE69B0017677C /* Frameworks */,
				D9F7E01C29FFE69B0017677C /* Resources */,
			);
			buildRules = (
			);
			dependencies = (
			);
			name = UITrace20230501;
			productName = UITrace20230501;
			productReference = D9F7E01E29FFE69B0017677C /* UITrace20230501.app */;
			productType = "com.apple.product-type.application";
		};
		D9F7E02E29FFE69C0017677C /* UITrace20230501Tests */ = {
			isa = PBXNativeTarget;
			buildConfigurationList = D9F7E04629FFE69C0017677C /* Build configuration list for PBXNativeTarget "UITrace20230501Tests" */;
			buildPhases = (
				D9F7E02B29FFE69C0017677C /* Sources */,
				D9F7E02C29FFE69C0017677C /* Frameworks */,
				D9F7E02D29FFE69C0017677C /* Resources */,
			);
			buildRules = (
			);
			dependencies = (
				D9F7E03129FFE69C0017677C /* PBXTargetDependency */,
			);
			name = UITrace20230501Tests;
			productName = UITrace20230501Tests;
			productReference = D9F7E02F29FFE69C0017677C /* UITrace20230501Tests.xctest */;
			productType = "com.apple.product-type.bundle.unit-test";
		};
		D9F7E03829FFE69C0017677C /* UITrace20230501UITests */ = {
			isa = PBXNativeTarget;
			buildConfigurationList = D9F7E04929FFE69C0017677C /* Build configuration list for PBXNativeTarget "UITrace20230501UITests" */;
			buildPhases = (
				D9F7E03529FFE69C0017677C /* Sources */,
				D9F7E03629FFE69C0017677C /* Frameworks */,
				D9F7E03729FFE69C0017677C /* Resources */,
			);
			buildRules = (
			);
			dependencies = (
				D9F7E03B29FFE69C0017677C /* PBXTargetDependency */,
			);
			name = UITrace20230501UITests;
			productName = UITrace20230501UITests;
			productReference = D9F7E03929FFE69C0017677C /* UITrace20230501UITests.xctest */;
			productType = "com.apple.product-type.bundle.ui-testing";
		};
/* End PBXNativeTarget section */

/* Begin PBXProject section */
		D9F7E01629FFE69B0017677C /* Project object */ = {
			isa = PBXProject;
			attributes = {
				BuildIndependentTargetsInParallel = 1;
				LastSwiftUpdateCheck = 1400;
				LastUpgradeCheck = 1400;
				TargetAttributes = {
					D9F7E01D29FFE69B0017677C = {
						CreatedOnToolsVersion = 14.0.1;
					};
					D9F7E02E29FFE69C0017677C = {
						CreatedOnToolsVersion = 14.0.1;
						TestTargetID = D9F7E01D29FFE69B0017677C;
					};
					D9F7E03829FFE69C0017677C = {
						CreatedOnToolsVersion = 14.0.1;
						TestTargetID = D9F7E01D29FFE69B0017677C;
					};
				};
			};
			buildConfigurationList = D9F7E01929FFE69B0017677C /* Build configuration list for PBXProject "UITrace20230501" */;
			compatibilityVersion = "Xcode 14.0";
			developmentRegion = en;
			hasScannedForEncodings = 0;
			knownRegions = (
				en,
				Base,
			);
			mainGroup = D9F7E01529FFE69B0017677C;
			productRefGroup = D9F7E01F29FFE69B0017677C /* Products */;
			projectDirPath = "";
			projectRoot = "";
			targets = (
				D9F7E01D29FFE69B0017677C /* UITrace20230501 */,
				D9F7E02E29FFE69C0017677C /* UITrace20230501Tests */,
				D9F7E03829FFE69C0017677C /* UITrace20230501UITests */,
			);
		};
/* End PBXProject section */

/* Begin PBXResourcesBuildPhase section */
		D9F7E01C29FFE69B0017677C /* Resources */ = {
			isa = PBXResourcesBuildPhase;
			buildActionMask = 2147483647;
			files = (
				D9F7E02A29FFE69C0017677C /* Preview Assets.xcassets in Resources */,
				D9F7E02629FFE69C0017677C /* Assets.xcassets in Resources */,
			);
			runOnlyForDeploymentPostprocessing = 0;
		};
		D9F7E02D29FFE69C0017677C /* Resources */ = {
			isa = PBXResourcesBuildPhase;
			buildActionMask = 2147483647;
			files = (
			);
			runOnlyForDeploymentPostprocessing = 0;
		};
		D9F7E03729FFE69C0017677C /* Resources */ = {
			isa = PBXResourcesBuildPhase;
			buildActionMask = 2147483647;
			files = (
			);
			runOnlyForDeploymentPostprocessing = 0;
		};
/* End PBXResourcesBuildPhase section */

/* Begin PBXSourcesBuildPhase section */
		D9F7E01A29FFE69B0017677C /* Sources */ = {
			isa = PBXSourcesBuildPhase;
			buildActionMask = 2147483647;
			files = (
				D9F7E05329FFE9040017677C /* TopPage.swift in Sources */,
				D9F7E02429FFE69B0017677C /* ContentView.swift in Sources */,
				D9F7E02229FFE69B0017677C /* UITrace20230501App.swift in Sources */,
			);
			runOnlyForDeploymentPostprocessing = 0;
		};
		D9F7E02B29FFE69C0017677C /* Sources */ = {
			isa = PBXSourcesBuildPhase;
			buildActionMask = 2147483647;
			files = (
				D9F7E03429FFE69C0017677C /* UITrace20230501Tests.swift in Sources */,
			);
			runOnlyForDeploymentPostprocessing = 0;
		};
		D9F7E03529FFE69C0017677C /* Sources */ = {
			isa = PBXSourcesBuildPhase;
			buildActionMask = 2147483647;
			files = (
				D9F7E03E29FFE69C0017677C /* UITrace20230501UITests.swift in Sources */,
				D9F7E04029FFE69C0017677C /* UITrace20230501UITestsLaunchTests.swift in Sources */,
			);
			runOnlyForDeploymentPostprocessing = 0;
		};
/* End PBXSourcesBuildPhase section */

/* Begin PBXTargetDependency section */
		D9F7E03129FFE69C0017677C /* PBXTargetDependency */ = {
			isa = PBXTargetDependency;
			target = D9F7E01D29FFE69B0017677C /* UITrace20230501 */;
			targetProxy = D9F7E03029FFE69C0017677C /* PBXContainerItemProxy */;
		};
		D9F7E03B29FFE69C0017677C /* PBXTargetDependency */ = {
			isa = PBXTargetDependency;
			target = D9F7E01D29FFE69B0017677C /* UITrace20230501 */;
			targetProxy = D9F7E03A29FFE69C0017677C /* PBXContainerItemProxy */;
		};
/* End PBXTargetDependency section */

/* Begin XCBuildConfiguration section */
		D9F7E04129FFE69C0017677C /* Debug */ = {
			isa = XCBuildConfiguration;
			buildSettings = {
				ALWAYS_SEARCH_USER_PATHS = NO;
				CLANG_ANALYZER_NONNULL = YES;
				CLANG_ANALYZER_NUMBER_OBJECT_CONVERSION = YES_AGGRESSIVE;
				CLANG_CXX_LANGUAGE_STANDARD = "gnu++20";
				CLANG_ENABLE_MODULES = YES;
				CLANG_ENABLE_OBJC_ARC = YES;
				CLANG_ENABLE_OBJC_WEAK = YES;
				CLANG_WARN_BLOCK_CAPTURE_AUTORELEASING = YES;
				CLANG_WARN_BOOL_CONVERSION = YES;
				CLANG_WARN_COMMA = YES;
				CLANG_WARN_CONSTANT_CONVERSION = YES;
				CLANG_WARN_DEPRECATED_OBJC_IMPLEMENTATIONS = YES;
				CLANG_WARN_DIRECT_OBJC_ISA_USAGE = YES_ERROR;
				CLANG_WARN_DOCUMENTATION_COMMENTS = YES;
				CLANG_WARN_EMPTY_BODY = YES;
				CLANG_WARN_ENUM_CONVERSION = YES;
				CLANG_WARN_INFINITE_RECURSION = YES;
				CLANG_WARN_INT_CONVERSION = YES;
				CLANG_WARN_NON_LITERAL_NULL_CONVERSION = YES;
				CLANG_WARN_OBJC_IMPLICIT_RETAIN_SELF = YES;
				CLANG_WARN_OBJC_LITERAL_CONVERSION = YES;
				CLANG_WARN_OBJC_ROOT_CLASS = YES_ERROR;
				CLANG_WARN_QUOTED_INCLUDE_IN_FRAMEWORK_HEADER = YES;
				CLANG_WARN_RANGE_LOOP_ANALYSIS = YES;
				CLANG_WARN_STRICT_PROTOTYPES = YES;
				CLANG_WARN_SUSPICIOUS_MOVE = YES;
				CLANG_WARN_UNGUARDED_AVAILABILITY = YES_AGGRESSIVE;
				CLANG_WARN_UNREACHABLE_CODE = YES;
				CLANG_WARN__DUPLICATE_METHOD_MATCH = YES;
				COPY_PHASE_STRIP = NO;
				DEBUG_INFORMATION_FORMAT = dwarf;
				ENABLE_STRICT_OBJC_MSGSEND = YES;
				ENABLE_TESTABILITY = YES;
				GCC_C_LANGUAGE_STANDARD = gnu11;
				GCC_DYNAMIC_NO_PIC = NO;
				GCC_NO_COMMON_BLOCKS = YES;
				GCC_OPTIMIZATION_LEVEL = 0;
				GCC_PREPROCESSOR_DEFINITIONS = (
					"DEBUG=1",
					"$(inherited)",
				);
				GCC_WARN_64_TO_32_BIT_CONVERSION = YES;
				GCC_WARN_ABOUT_RETURN_TYPE = YES_ERROR;
				GCC_WARN_UNDECLARED_SELECTOR = YES;
				GCC_WARN_UNINITIALIZED_AUTOS = YES_AGGRESSIVE;
				GCC_WARN_UNUSED_FUNCTION = YES;
				GCC_WARN_UNUSED_VARIABLE = YES;
				MTL_ENABLE_DEBUG_INFO = INCLUDE_SOURCE;
				MTL_FAST_MATH = YES;
				ONLY_ACTIVE_ARCH = YES;
				SWIFT_ACTIVE_COMPILATION_CONDITIONS = DEBUG;
				SWIFT_OPTIMIZATION_LEVEL = "-Onone";
			};
			name = Debug;
		};
		D9F7E04229FFE69C0017677C /* Release */ = {
			isa = XCBuildConfiguration;
			buildSettings = {
				ALWAYS_SEARCH_USER_PATHS = NO;
				CLANG_ANALYZER_NONNULL = YES;
				CLANG_ANALYZER_NUMBER_OBJECT_CONVERSION = YES_AGGRESSIVE;
				CLANG_CXX_LANGUAGE_STANDARD = "gnu++20";
				CLANG_ENABLE_MODULES = YES;
				CLANG_ENABLE_OBJC_ARC = YES;
				CLANG_ENABLE_OBJC_WEAK = YES;
				CLANG_WARN_BLOCK_CAPTURE_AUTORELEASING = YES;
				CLANG_WARN_BOOL_CONVERSION = YES;
				CLANG_WARN_COMMA = YES;
				CLANG_WARN_CONSTANT_CONVERSION = YES;
				CLANG_WARN_DEPRECATED_OBJC_IMPLEMENTATIONS = YES;
				CLANG_WARN_DIRECT_OBJC_ISA_USAGE = YES_ERROR;
				CLANG_WARN_DOCUMENTATION_COMMENTS = YES;
				CLANG_WARN_EMPTY_BODY = YES;
				CLANG_WARN_ENUM_CONVERSION = YES;
				CLANG_WARN_INFINITE_RECURSION = YES;
				CLANG_WARN_INT_CONVERSION = YES;
				CLANG_WARN_NON_LITERAL_NULL_CONVERSION = YES;
				CLANG_WARN_OBJC_IMPLICIT_RETAIN_SELF = YES;
				CLANG_WARN_OBJC_LITERAL_CONVERSION = YES;
				CLANG_WARN_OBJC_ROOT_CLASS = YES_ERROR;
				CLANG_WARN_QUOTED_INCLUDE_IN_FRAMEWORK_HEADER = YES;
				CLANG_WARN_RANGE_LOOP_ANALYSIS = YES;
				CLANG_WARN_STRICT_PROTOTYPES = YES;
				CLANG_WARN_SUSPICIOUS_MOVE = YES;
				CLANG_WARN_UNGUARDED_AVAILABILITY = YES_AGGRESSIVE;
				CLANG_WARN_UNREACHABLE_CODE = YES;
				CLANG_WARN__DUPLICATE_METHOD_MATCH = YES;
				COPY_PHASE_STRIP = NO;
				DEBUG_INFORMATION_FORMAT = "dwarf-with-dsym";
				ENABLE_NS_ASSERTIONS = NO;
				ENABLE_STRICT_OBJC_MSGSEND = YES;
				GCC_C_LANGUAGE_STANDARD = gnu11;
				GCC_NO_COMMON_BLOCKS = YES;
				GCC_WARN_64_TO_32_BIT_CONVERSION = YES;
				GCC_WARN_ABOUT_RETURN_TYPE = YES_ERROR;
				GCC_WARN_UNDECLARED_SELECTOR = YES;
				GCC_WARN_UNINITIALIZED_AUTOS = YES_AGGRESSIVE;
				GCC_WARN_UNUSED_FUNCTION = YES;
				GCC_WARN_UNUSED_VARIABLE = YES;
				MTL_ENABLE_DEBUG_INFO = NO;
				MTL_FAST_MATH = YES;
				SWIFT_COMPILATION_MODE = wholemodule;
				SWIFT_OPTIMIZATION_LEVEL = "-O";
			};
			name = Release;
		};
		D9F7E04429FFE69C0017677C /* Debug */ = {
			isa = XCBuildConfiguration;
			buildSettings = {
				ASSETCATALOG_COMPILER_APPICON_NAME = AppIcon;
				ASSETCATALOG_COMPILER_GLOBAL_ACCENT_COLOR_NAME = AccentColor;
				CODE_SIGN_ENTITLEMENTS = UITrace20230501/UITrace20230501.entitlements;
				CODE_SIGN_STYLE = Automatic;
				CURRENT_PROJECT_VERSION = 1;
				DEVELOPMENT_ASSET_PATHS = "\"UITrace20230501/Preview Content\"";
				ENABLE_PREVIEWS = YES;
				GENERATE_INFOPLIST_FILE = YES;
				"INFOPLIST_KEY_UIApplicationSceneManifest_Generation[sdk=iphoneos*]" = YES;
				"INFOPLIST_KEY_UIApplicationSceneManifest_Generation[sdk=iphonesimulator*]" = YES;
				"INFOPLIST_KEY_UIApplicationSupportsIndirectInputEvents[sdk=iphoneos*]" = YES;
				"INFOPLIST_KEY_UIApplicationSupportsIndirectInputEvents[sdk=iphonesimulator*]" = YES;
				"INFOPLIST_KEY_UILaunchScreen_Generation[sdk=iphoneos*]" = YES;
				"INFOPLIST_KEY_UILaunchScreen_Generation[sdk=iphonesimulator*]" = YES;
				"INFOPLIST_KEY_UIStatusBarStyle[sdk=iphoneos*]" = UIStatusBarStyleDefault;
				"INFOPLIST_KEY_UIStatusBarStyle[sdk=iphonesimulator*]" = UIStatusBarStyleDefault;
				INFOPLIST_KEY_UISupportedInterfaceOrientations_iPad = "UIInterfaceOrientationPortrait UIInterfaceOrientationPortraitUpsideDown UIInterfaceOrientationLandscapeLeft UIInterfaceOrientationLandscapeRight";
				INFOPLIST_KEY_UISupportedInterfaceOrientations_iPhone = "UIInterfaceOrientationPortrait UIInterfaceOrientationLandscapeLeft UIInterfaceOrientationLandscapeRight";
				IPHONEOS_DEPLOYMENT_TARGET = 16.0;
				LD_RUNPATH_SEARCH_PATHS = "@executable_path/Frameworks";
				"LD_RUNPATH_SEARCH_PATHS[sdk=macosx*]" = "@executable_path/../Frameworks";
				MACOSX_DEPLOYMENT_TARGET = 12.3;
				MARKETING_VERSION = 1.0;
				PRODUCT_BUNDLE_IDENTIFIER = test.UITrace20230501;
				PRODUCT_NAME = "$(TARGET_NAME)";
				SDKROOT = auto;
				SUPPORTED_PLATFORMS = "iphoneos iphonesimulator macosx";
				SWIFT_EMIT_LOC_STRINGS = YES;
				SWIFT_VERSION = 5.0;
				TARGETED_DEVICE_FAMILY = "1,2";
			};
			name = Debug;
		};
		D9F7E04529FFE69C0017677C /* Release */ = {
			isa = XCBuildConfiguration;
			buildSettings = {
				ASSETCATALOG_COMPILER_APPICON_NAME = AppIcon;
				ASSETCATALOG_COMPILER_GLOBAL_ACCENT_COLOR_NAME = AccentColor;
				CODE_SIGN_ENTITLEMENTS = UITrace20230501/UITrace20230501.entitlements;
				CODE_SIGN_STYLE = Automatic;
				CURRENT_PROJECT_VERSION = 1;
				DEVELOPMENT_ASSET_PATHS = "\"UITrace20230501/Preview Content\"";
				ENABLE_PREVIEWS = YES;
				GENERATE_INFOPLIST_FILE = YES;
				"INFOPLIST_KEY_UIApplicationSceneManifest_Generation[sdk=iphoneos*]" = YES;
				"INFOPLIST_KEY_UIApplicationSceneManifest_Generation[sdk=iphonesimulator*]" = YES;
				"INFOPLIST_KEY_UIApplicationSupportsIndirectInputEvents[sdk=iphoneos*]" = YES;
				"INFOPLIST_KEY_UIApplicationSupportsIndirectInputEvents[sdk=iphonesimulator*]" = YES;
				"INFOPLIST_KEY_UILaunchScreen_Generation[sdk=iphoneos*]" = YES;
				"INFOPLIST_KEY_UILaunchScreen_Generation[sdk=iphonesimulator*]" = YES;
				"INFOPLIST_KEY_UIStatusBarStyle[sdk=iphoneos*]" = UIStatusBarStyleDefault;
				"INFOPLIST_KEY_UIStatusBarStyle[sdk=iphonesimulator*]" = UIStatusBarStyleDefault;
				INFOPLIST_KEY_UISupportedInterfaceOrientations_iPad = "UIInterfaceOrientationPortrait UIInterfaceOrientationPortraitUpsideDown UIInterfaceOrientationLandscapeLeft UIInterfaceOrientationLandscapeRight";
				INFOPLIST_KEY_UISupportedInterfaceOrientations_iPhone = "UIInterfaceOrientationPortrait UIInterfaceOrientationLandscapeLeft UIInterfaceOrientationLandscapeRight";
				IPHONEOS_DEPLOYMENT_TARGET = 16.0;
				LD_RUNPATH_SEARCH_PATHS = "@executable_path/Frameworks";
				"LD_RUNPATH_SEARCH_PATHS[sdk=macosx*]" = "@executable_path/../Frameworks";
				MACOSX_DEPLOYMENT_TARGET = 12.3;
				MARKETING_VERSION = 1.0;
				PRODUCT_BUNDLE_IDENTIFIER = test.UITrace20230501;
				PRODUCT_NAME = "$(TARGET_NAME)";
				SDKROOT = auto;
				SUPPORTED_PLATFORMS = "iphoneos iphonesimulator macosx";
				SWIFT_EMIT_LOC_STRINGS = YES;
				SWIFT_VERSION = 5.0;
				TARGETED_DEVICE_FAMILY = "1,2";
			};
			name = Release;
		};
		D9F7E04729FFE69C0017677C /* Debug */ = {
			isa = XCBuildConfiguration;
			buildSettings = {
				ALWAYS_EMBED_SWIFT_STANDARD_LIBRARIES = YES;
				BUNDLE_LOADER = "$(TEST_HOST)";
				CODE_SIGN_STYLE = Automatic;
				CURRENT_PROJECT_VERSION = 1;
				GENERATE_INFOPLIST_FILE = YES;
				IPHONEOS_DEPLOYMENT_TARGET = 16.0;
				MACOSX_DEPLOYMENT_TARGET = 12.3;
				MARKETING_VERSION = 1.0;
				PRODUCT_BUNDLE_IDENTIFIER = test.UITrace20230501Tests;
				PRODUCT_NAME = "$(TARGET_NAME)";
				SDKROOT = auto;
				SUPPORTED_PLATFORMS = "iphoneos iphonesimulator macosx";
				SWIFT_EMIT_LOC_STRINGS = NO;
				SWIFT_VERSION = 5.0;
				TARGETED_DEVICE_FAMILY = "1,2";
				TEST_HOST = "$(BUILT_PRODUCTS_DIR)/UITrace20230501.app/$(BUNDLE_EXECUTABLE_FOLDER_PATH)/UITrace20230501";
			};
			name = Debug;
		};
		D9F7E04829FFE69C0017677C /* Release */ = {
			isa = XCBuildConfiguration;
			buildSettings = {
				ALWAYS_EMBED_SWIFT_STANDARD_LIBRARIES = YES;
				BUNDLE_LOADER = "$(TEST_HOST)";
				CODE_SIGN_STYLE = Automatic;
				CURRENT_PROJECT_VERSION = 1;
				GENERATE_INFOPLIST_FILE = YES;
				IPHONEOS_DEPLOYMENT_TARGET = 16.0;
				MACOSX_DEPLOYMENT_TARGET = 12.3;
				MARKETING_VERSION = 1.0;
				PRODUCT_BUNDLE_IDENTIFIER = test.UITrace20230501Tests;
				PRODUCT_NAME = "$(TARGET_NAME)";
				SDKROOT = auto;
				SUPPORTED_PLATFORMS = "iphoneos iphonesimulator macosx";
				SWIFT_EMIT_LOC_STRINGS = NO;
				SWIFT_VERSION = 5.0;
				TARGETED_DEVICE_FAMILY = "1,2";
				TEST_HOST = "$(BUILT_PRODUCTS_DIR)/UITrace20230501.app/$(BUNDLE_EXECUTABLE_FOLDER_PATH)/UITrace20230501";
			};
			name = Release;
		};
		D9F7E04A29FFE69C0017677C /* Debug */ = {
			isa = XCBuildConfiguration;
			buildSettings = {
				ALWAYS_EMBED_SWIFT_STANDARD_LIBRARIES = YES;
				CODE_SIGN_STYLE = Automatic;
				CURRENT_PROJECT_VERSION = 1;
				GENERATE_INFOPLIST_FILE = YES;
				IPHONEOS_DEPLOYMENT_TARGET = 16.0;
				MACOSX_DEPLOYMENT_TARGET = 12.3;
				MARKETING_VERSION = 1.0;
				PRODUCT_BUNDLE_IDENTIFIER = test.UITrace20230501UITests;
				PRODUCT_NAME = "$(TARGET_NAME)";
				SDKROOT = auto;
				SUPPORTED_PLATFORMS = "iphoneos iphonesimulator macosx";
				SWIFT_EMIT_LOC_STRINGS = NO;
				SWIFT_VERSION = 5.0;
				TARGETED_DEVICE_FAMILY = "1,2";
				TEST_TARGET_NAME = UITrace20230501;
			};
			name = Debug;
		};
		D9F7E04B29FFE69C0017677C /* Release */ = {
			isa = XCBuildConfiguration;
			buildSettings = {
				ALWAYS_EMBED_SWIFT_STANDARD_LIBRARIES = YES;
				CODE_SIGN_STYLE = Automatic;
				CURRENT_PROJECT_VERSION = 1;
				GENERATE_INFOPLIST_FILE = YES;
				IPHONEOS_DEPLOYMENT_TARGET = 16.0;
				MACOSX_DEPLOYMENT_TARGET = 12.3;
				MARKETING_VERSION = 1.0;
				PRODUCT_BUNDLE_IDENTIFIER = test.UITrace20230501UITests;
				PRODUCT_NAME = "$(TARGET_NAME)";
				SDKROOT = auto;
				SUPPORTED_PLATFORMS = "iphoneos iphonesimulator macosx";
				SWIFT_EMIT_LOC_STRINGS = NO;
				SWIFT_VERSION = 5.0;
				TARGETED_DEVICE_FAMILY = "1,2";
				TEST_TARGET_NAME = UITrace20230501;
			};
			name = Release;
		};
/* End XCBuildConfiguration section */

/* Begin XCConfigurationList section */
		D9F7E01929FFE69B0017677C /* Build configuration list for PBXProject "UITrace20230501" */ = {
			isa = XCConfigurationList;
			buildConfigurations = (
				D9F7E04129FFE69C0017677C /* Debug */,
				D9F7E04229FFE69C0017677C /* Release */,
			);
			defaultConfigurationIsVisible = 0;
			defaultConfigurationName = Release;
		};
		D9F7E04329FFE69C0017677C /* Build configuration list for PBXNativeTarget "UITrace20230501" */ = {
			isa = XCConfigurationList;
			buildConfigurations = (
				D9F7E04429FFE69C0017677C /* Debug */,
				D9F7E04529FFE69C0017677C /* Release */,
			);
			defaultConfigurationIsVisible = 0;
			defaultConfigurationName = Release;
		};
		D9F7E04629FFE69C0017677C /* Build configuration list for PBXNativeTarget "UITrace20230501Tests" */ = {
			isa = XCConfigurationList;
			buildConfigurations = (
				D9F7E04729FFE69C0017677C /* Debug */,
				D9F7E04829FFE69C0017677C /* Release */,
			);
			defaultConfigurationIsVisible = 0;
			defaultConfigurationName = Release;
		};
		D9F7E04929FFE69C0017677C /* Build configuration list for PBXNativeTarget "UITrace20230501UITests" */ = {
			isa = XCConfigurationList;
			buildConfigurations = (
				D9F7E04A29FFE69C0017677C /* Debug */,
				D9F7E04B29FFE69C0017677C /* Release */,
			);
			defaultConfigurationIsVisible = 0;
			defaultConfigurationName = Release;
		};
/* End XCConfigurationList section */
	};
	rootObject = D9F7E01629FFE69B0017677C /* Project object */;
}
